// !$*UTF8*$!
{
	archiveVersion = 1;
	classes = {
	};
	objectVersion = 46;
	objects = {

/* Begin PBXBuildFile section */
		5008E04718DC992F00530542 /* JIPSearchArtistsViewController.m in Sources */ = {isa = PBXBuildFile; fileRef = 5008E04618DC992F00530542 /* JIPSearchArtistsViewController.m */; };
		5015AAAE18A159ED000A7625 /* JIPConcertDetailsViewController.m in Sources */ = {isa = PBXBuildFile; fileRef = 5015AAAD18A159ED000A7625 /* JIPConcertDetailsViewController.m */; };
		501FB96118D1BFCE00845256 /* JIPManagedDocument.m in Sources */ = {isa = PBXBuildFile; fileRef = 501FB96018D1BFCE00845256 /* JIPManagedDocument.m */; };
		5051B4F518D9A6D600BBE2DB /* JIPUpdateManager.m in Sources */ = {isa = PBXBuildFile; fileRef = 5051B4F418D9A6D600BBE2DB /* JIPUpdateManager.m */; };
		508598D418AA46330048D760 /* JIPVenue.m in Sources */ = {isa = PBXBuildFile; fileRef = 508598D318AA46330048D760 /* JIPVenue.m */; };
		508598D718AA551C0048D760 /* JIPVenueDetailsViewController.m in Sources */ = {isa = PBXBuildFile; fileRef = 508598D618AA551C0048D760 /* JIPVenueDetailsViewController.m */; };
		508598DA18AA74BF0048D760 /* JIPArtist.m in Sources */ = {isa = PBXBuildFile; fileRef = 508598D918AA74BF0048D760 /* JIPArtist.m */; };
		508598DD18AA83AB0048D760 /* JIPArtistDetailsViewController.m in Sources */ = {isa = PBXBuildFile; fileRef = 508598DC18AA83AB0048D760 /* JIPArtistDetailsViewController.m */; };
		508FF5E118E5ED3500B53743 /* JIPFavoriteArtistTableViewController.m in Sources */ = {isa = PBXBuildFile; fileRef = 508FF5E018E5ED3500B53743 /* JIPFavoriteArtistTableViewController.m */; };
		509759D118A900F800E1482E /* JIPMyPinView.m in Sources */ = {isa = PBXBuildFile; fileRef = 509759D018A900F800E1482E /* JIPMyPinView.m */; };
		50A1524F18CF5F8E00AB2D9F /* JIPEvent+Create.m in Sources */ = {isa = PBXBuildFile; fileRef = 50A1524E18CF5F8E00AB2D9F /* JIPEvent+Create.m */; };
		50A1525218CF66DE00AB2D9F /* JIPArtist+Create.m in Sources */ = {isa = PBXBuildFile; fileRef = 50A1525118CF66DE00AB2D9F /* JIPArtist+Create.m */; };
		50A52FA4189ED5D9001D9779 /* Foundation.framework in Frameworks */ = {isa = PBXBuildFile; fileRef = 50A52FA3189ED5D9001D9779 /* Foundation.framework */; };
		50A52FA6189ED5D9001D9779 /* CoreGraphics.framework in Frameworks */ = {isa = PBXBuildFile; fileRef = 50A52FA5189ED5D9001D9779 /* CoreGraphics.framework */; };
		50A52FA8189ED5D9001D9779 /* UIKit.framework in Frameworks */ = {isa = PBXBuildFile; fileRef = 50A52FA7189ED5D9001D9779 /* UIKit.framework */; };
		50A52FAE189ED5D9001D9779 /* InfoPlist.strings in Resources */ = {isa = PBXBuildFile; fileRef = 50A52FAC189ED5D9001D9779 /* InfoPlist.strings */; };
		50A52FB0189ED5D9001D9779 /* main.m in Sources */ = {isa = PBXBuildFile; fileRef = 50A52FAF189ED5D9001D9779 /* main.m */; };
		50A52FB4189ED5D9001D9779 /* JIPAppDelegate.m in Sources */ = {isa = PBXBuildFile; fileRef = 50A52FB3189ED5D9001D9779 /* JIPAppDelegate.m */; };
		50A52FB6189ED5D9001D9779 /* Images.xcassets in Resources */ = {isa = PBXBuildFile; fileRef = 50A52FB5189ED5D9001D9779 /* Images.xcassets */; };
		50A52FBD189ED5D9001D9779 /* XCTest.framework in Frameworks */ = {isa = PBXBuildFile; fileRef = 50A52FBC189ED5D9001D9779 /* XCTest.framework */; };
		50A52FBE189ED5D9001D9779 /* Foundation.framework in Frameworks */ = {isa = PBXBuildFile; fileRef = 50A52FA3189ED5D9001D9779 /* Foundation.framework */; };
		50A52FBF189ED5D9001D9779 /* UIKit.framework in Frameworks */ = {isa = PBXBuildFile; fileRef = 50A52FA7189ED5D9001D9779 /* UIKit.framework */; };
		50A52FC7189ED5D9001D9779 /* InfoPlist.strings in Resources */ = {isa = PBXBuildFile; fileRef = 50A52FC5189ED5D9001D9779 /* InfoPlist.strings */; };
		50A52FC9189ED5D9001D9779 /* JazzInParisTests.m in Sources */ = {isa = PBXBuildFile; fileRef = 50A52FC8189ED5D9001D9779 /* JazzInParisTests.m */; };
		50A52FD4189ED91C001D9779 /* JIPUpComingEventsViewController.m in Sources */ = {isa = PBXBuildFile; fileRef = 50A52FD3189ED91C001D9779 /* JIPUpComingEventsViewController.m */; };
		50D334DA18B6573F00E21622 /* JIPExtendNSLogFunctionality.m in Sources */ = {isa = PBXBuildFile; fileRef = 50D334D918B6573F00E21622 /* JIPExtendNSLogFunctionality.m */; };
		50D4BB3118B49D0700E7CF12 /* Model.xcdatamodeld in Sources */ = {isa = PBXBuildFile; fileRef = 50D4BB2F18B49D0700E7CF12 /* Model.xcdatamodeld */; };
		50DAA79118AB8E52003DDADA /* NSDate+Formatting.m in Sources */ = {isa = PBXBuildFile; fileRef = 50DAA79018AB8E52003DDADA /* NSDate+Formatting.m */; };
		50FB3190189EE02800137949 /* JIPEvent.m in Sources */ = {isa = PBXBuildFile; fileRef = 50FB318F189EE02800137949 /* JIPEvent.m */; };
		50FB3194189EE27D00137949 /* MapKit.framework in Frameworks */ = {isa = PBXBuildFile; fileRef = 50FB3193189EE27D00137949 /* MapKit.framework */; };
		50FB3196189EE4DE00137949 /* CoreLocation.framework in Frameworks */ = {isa = PBXBuildFile; fileRef = 50FB3195189EE4DE00137949 /* CoreLocation.framework */; };
		50FCB09518CE0C0100AD4402 /* JIPVenue+Create.m in Sources */ = {isa = PBXBuildFile; fileRef = 50FCB09418CE0C0100AD4402 /* JIPVenue+Create.m */; };
		50FCB09818CE12B500AD4402 /* JIPCoreDataTableViewController.m in Sources */ = {isa = PBXBuildFile; fileRef = 50FCB09718CE12B500AD4402 /* JIPCoreDataTableViewController.m */; };
		50FCB09A18CE130D00AD4402 /* CoreData.framework in Frameworks */ = {isa = PBXBuildFile; fileRef = 50FCB09918CE130C00AD4402 /* CoreData.framework */; };
		50FCB09D18CE140800AD4402 /* JIPUpcomingEventsCDTVC.m in Sources */ = {isa = PBXBuildFile; fileRef = 50FCB09C18CE140800AD4402 /* JIPUpcomingEventsCDTVC.m */; };
/* End PBXBuildFile section */

/* Begin PBXContainerItemProxy section */
		50A52FC0189ED5D9001D9779 /* PBXContainerItemProxy */ = {
			isa = PBXContainerItemProxy;
			containerPortal = 50A52F98189ED5D9001D9779 /* Project object */;
			proxyType = 1;
			remoteGlobalIDString = 50A52F9F189ED5D9001D9779;
			remoteInfo = JazzInParis;
		};
/* End PBXContainerItemProxy section */

/* Begin PBXFileReference section */
		5008E04518DC992F00530542 /* JIPSearchArtistsViewController.h */ = {isa = PBXFileReference; fileEncoding = 4; lastKnownFileType = sourcecode.c.h; name = JIPSearchArtistsViewController.h; path = ../JIPSearchArtistsViewController.h; sourceTree = "<group>"; };
		5008E04618DC992F00530542 /* JIPSearchArtistsViewController.m */ = {isa = PBXFileReference; fileEncoding = 4; lastKnownFileType = sourcecode.c.objc; name = JIPSearchArtistsViewController.m; path = ../JIPSearchArtistsViewController.m; sourceTree = "<group>"; };
		5015AAAC18A159ED000A7625 /* JIPConcertDetailsViewController.h */ = {isa = PBXFileReference; fileEncoding = 4; lastKnownFileType = sourcecode.c.h; path = JIPConcertDetailsViewController.h; sourceTree = "<group>"; };
		5015AAAD18A159ED000A7625 /* JIPConcertDetailsViewController.m */ = {isa = PBXFileReference; fileEncoding = 4; lastKnownFileType = sourcecode.c.objc; path = JIPConcertDetailsViewController.m; sourceTree = "<group>"; };
		501FB95F18D1BFCE00845256 /* JIPManagedDocument.h */ = {isa = PBXFileReference; fileEncoding = 4; lastKnownFileType = sourcecode.c.h; path = JIPManagedDocument.h; sourceTree = "<group>"; };
		501FB96018D1BFCE00845256 /* JIPManagedDocument.m */ = {isa = PBXFileReference; fileEncoding = 4; lastKnownFileType = sourcecode.c.objc; path = JIPManagedDocument.m; sourceTree = "<group>"; };
		5051B4F318D9A6D600BBE2DB /* JIPUpdateManager.h */ = {isa = PBXFileReference; fileEncoding = 4; lastKnownFileType = sourcecode.c.h; path = JIPUpdateManager.h; sourceTree = "<group>"; };
		5051B4F418D9A6D600BBE2DB /* JIPUpdateManager.m */ = {isa = PBXFileReference; fileEncoding = 4; lastKnownFileType = sourcecode.c.objc; path = JIPUpdateManager.m; sourceTree = "<group>"; };
		508598D218AA46330048D760 /* JIPVenue.h */ = {isa = PBXFileReference; fileEncoding = 4; lastKnownFileType = sourcecode.c.h; path = JIPVenue.h; sourceTree = "<group>"; };
		508598D318AA46330048D760 /* JIPVenue.m */ = {isa = PBXFileReference; fileEncoding = 4; lastKnownFileType = sourcecode.c.objc; path = JIPVenue.m; sourceTree = "<group>"; };
		508598D518AA551C0048D760 /* JIPVenueDetailsViewController.h */ = {isa = PBXFileReference; fileEncoding = 4; lastKnownFileType = sourcecode.c.h; path = JIPVenueDetailsViewController.h; sourceTree = "<group>"; };
		508598D618AA551C0048D760 /* JIPVenueDetailsViewController.m */ = {isa = PBXFileReference; fileEncoding = 4; lastKnownFileType = sourcecode.c.objc; path = JIPVenueDetailsViewController.m; sourceTree = "<group>"; };
		508598D818AA74BF0048D760 /* JIPArtist.h */ = {isa = PBXFileReference; fileEncoding = 4; lastKnownFileType = sourcecode.c.h; path = JIPArtist.h; sourceTree = "<group>"; };
		508598D918AA74BF0048D760 /* JIPArtist.m */ = {isa = PBXFileReference; fileEncoding = 4; lastKnownFileType = sourcecode.c.objc; path = JIPArtist.m; sourceTree = "<group>"; };
		508598DB18AA83AB0048D760 /* JIPArtistDetailsViewController.h */ = {isa = PBXFileReference; fileEncoding = 4; lastKnownFileType = sourcecode.c.h; path = JIPArtistDetailsViewController.h; sourceTree = "<group>"; };
		508598DC18AA83AB0048D760 /* JIPArtistDetailsViewController.m */ = {isa = PBXFileReference; fileEncoding = 4; lastKnownFileType = sourcecode.c.objc; path = JIPArtistDetailsViewController.m; sourceTree = "<group>"; };
		508FF5DF18E5ED3500B53743 /* JIPFavoriteArtistTableViewController.h */ = {isa = PBXFileReference; fileEncoding = 4; lastKnownFileType = sourcecode.c.h; path = JIPFavoriteArtistTableViewController.h; sourceTree = "<group>"; };
		508FF5E018E5ED3500B53743 /* JIPFavoriteArtistTableViewController.m */ = {isa = PBXFileReference; fileEncoding = 4; lastKnownFileType = sourcecode.c.objc; path = JIPFavoriteArtistTableViewController.m; sourceTree = "<group>"; };
		509759CF18A900F800E1482E /* JIPMyPinView.h */ = {isa = PBXFileReference; fileEncoding = 4; lastKnownFileType = sourcecode.c.h; path = JIPMyPinView.h; sourceTree = "<group>"; };
		509759D018A900F800E1482E /* JIPMyPinView.m */ = {isa = PBXFileReference; fileEncoding = 4; lastKnownFileType = sourcecode.c.objc; path = JIPMyPinView.m; sourceTree = "<group>"; };
		50A1524D18CF5F8E00AB2D9F /* JIPEvent+Create.h */ = {isa = PBXFileReference; fileEncoding = 4; lastKnownFileType = sourcecode.c.h; path = "JIPEvent+Create.h"; sourceTree = "<group>"; };
		50A1524E18CF5F8E00AB2D9F /* JIPEvent+Create.m */ = {isa = PBXFileReference; fileEncoding = 4; lastKnownFileType = sourcecode.c.objc; path = "JIPEvent+Create.m"; sourceTree = "<group>"; };
		50A1525018CF66DE00AB2D9F /* JIPArtist+Create.h */ = {isa = PBXFileReference; fileEncoding = 4; lastKnownFileType = sourcecode.c.h; path = "JIPArtist+Create.h"; sourceTree = "<group>"; };
		50A1525118CF66DE00AB2D9F /* JIPArtist+Create.m */ = {isa = PBXFileReference; fileEncoding = 4; lastKnownFileType = sourcecode.c.objc; path = "JIPArtist+Create.m"; sourceTree = "<group>"; };
		50A52FA0189ED5D9001D9779 /* JazzInParis.app */ = {isa = PBXFileReference; explicitFileType = wrapper.application; includeInIndex = 0; path = JazzInParis.app; sourceTree = BUILT_PRODUCTS_DIR; };
		50A52FA3189ED5D9001D9779 /* Foundation.framework */ = {isa = PBXFileReference; lastKnownFileType = wrapper.framework; name = Foundation.framework; path = System/Library/Frameworks/Foundation.framework; sourceTree = SDKROOT; };
		50A52FA5189ED5D9001D9779 /* CoreGraphics.framework */ = {isa = PBXFileReference; lastKnownFileType = wrapper.framework; name = CoreGraphics.framework; path = System/Library/Frameworks/CoreGraphics.framework; sourceTree = SDKROOT; };
		50A52FA7189ED5D9001D9779 /* UIKit.framework */ = {isa = PBXFileReference; lastKnownFileType = wrapper.framework; name = UIKit.framework; path = System/Library/Frameworks/UIKit.framework; sourceTree = SDKROOT; };
		50A52FAB189ED5D9001D9779 /* JazzInParis-Info.plist */ = {isa = PBXFileReference; lastKnownFileType = text.plist.xml; path = "JazzInParis-Info.plist"; sourceTree = "<group>"; };
		50A52FAD189ED5D9001D9779 /* en */ = {isa = PBXFileReference; lastKnownFileType = text.plist.strings; name = en; path = en.lproj/InfoPlist.strings; sourceTree = "<group>"; };
		50A52FAF189ED5D9001D9779 /* main.m */ = {isa = PBXFileReference; lastKnownFileType = sourcecode.c.objc; path = main.m; sourceTree = "<group>"; };
		50A52FB1189ED5D9001D9779 /* JazzInParis-Prefix.pch */ = {isa = PBXFileReference; lastKnownFileType = sourcecode.c.h; path = "JazzInParis-Prefix.pch"; sourceTree = "<group>"; };
		50A52FB2189ED5D9001D9779 /* JIPAppDelegate.h */ = {isa = PBXFileReference; lastKnownFileType = sourcecode.c.h; path = JIPAppDelegate.h; sourceTree = "<group>"; };
		50A52FB3189ED5D9001D9779 /* JIPAppDelegate.m */ = {isa = PBXFileReference; lastKnownFileType = sourcecode.c.objc; path = JIPAppDelegate.m; sourceTree = "<group>"; };
		50A52FB5189ED5D9001D9779 /* Images.xcassets */ = {isa = PBXFileReference; lastKnownFileType = folder.assetcatalog; path = Images.xcassets; sourceTree = "<group>"; };
		50A52FBB189ED5D9001D9779 /* JazzInParisTests.xctest */ = {isa = PBXFileReference; explicitFileType = wrapper.cfbundle; includeInIndex = 0; path = JazzInParisTests.xctest; sourceTree = BUILT_PRODUCTS_DIR; };
		50A52FBC189ED5D9001D9779 /* XCTest.framework */ = {isa = PBXFileReference; lastKnownFileType = wrapper.framework; name = XCTest.framework; path = Library/Frameworks/XCTest.framework; sourceTree = DEVELOPER_DIR; };
		50A52FC4189ED5D9001D9779 /* JazzInParisTests-Info.plist */ = {isa = PBXFileReference; lastKnownFileType = text.plist.xml; path = "JazzInParisTests-Info.plist"; sourceTree = "<group>"; };
		50A52FC6189ED5D9001D9779 /* en */ = {isa = PBXFileReference; lastKnownFileType = text.plist.strings; name = en; path = en.lproj/InfoPlist.strings; sourceTree = "<group>"; };
		50A52FC8189ED5D9001D9779 /* JazzInParisTests.m */ = {isa = PBXFileReference; lastKnownFileType = sourcecode.c.objc; path = JazzInParisTests.m; sourceTree = "<group>"; };
		50A52FD2189ED91C001D9779 /* JIPUpComingEventsViewController.h */ = {isa = PBXFileReference; fileEncoding = 4; lastKnownFileType = sourcecode.c.h; path = JIPUpComingEventsViewController.h; sourceTree = "<group>"; };
		50A52FD3189ED91C001D9779 /* JIPUpComingEventsViewController.m */ = {isa = PBXFileReference; fileEncoding = 4; lastKnownFileType = sourcecode.c.objc; path = JIPUpComingEventsViewController.m; sourceTree = "<group>"; };
		50D334D818B6573F00E21622 /* JIPExtendNSLogFunctionality.h */ = {isa = PBXFileReference; fileEncoding = 4; lastKnownFileType = sourcecode.c.h; name = JIPExtendNSLogFunctionality.h; path = ../JIPExtendNSLogFunctionality.h; sourceTree = "<group>"; };
		50D334D918B6573F00E21622 /* JIPExtendNSLogFunctionality.m */ = {isa = PBXFileReference; fileEncoding = 4; lastKnownFileType = sourcecode.c.objc; name = JIPExtendNSLogFunctionality.m; path = ../JIPExtendNSLogFunctionality.m; sourceTree = "<group>"; };
		50D4BB3018B49D0700E7CF12 /* Model.xcdatamodel */ = {isa = PBXFileReference; lastKnownFileType = wrapper.xcdatamodel; path = Model.xcdatamodel; sourceTree = "<group>"; };
		50DAA78F18AB8E52003DDADA /* NSDate+Formatting.h */ = {isa = PBXFileReference; fileEncoding = 4; lastKnownFileType = sourcecode.c.h; path = "NSDate+Formatting.h"; sourceTree = "<group>"; };
		50DAA79018AB8E52003DDADA /* NSDate+Formatting.m */ = {isa = PBXFileReference; fileEncoding = 4; lastKnownFileType = sourcecode.c.objc; path = "NSDate+Formatting.m"; sourceTree = "<group>"; };
		50FB318E189EE02800137949 /* JIPEvent.h */ = {isa = PBXFileReference; fileEncoding = 4; lastKnownFileType = sourcecode.c.h; path = JIPEvent.h; sourceTree = "<group>"; };
		50FB318F189EE02800137949 /* JIPEvent.m */ = {isa = PBXFileReference; fileEncoding = 4; lastKnownFileType = sourcecode.c.objc; path = JIPEvent.m; sourceTree = "<group>"; };
		50FB3193189EE27D00137949 /* MapKit.framework */ = {isa = PBXFileReference; lastKnownFileType = wrapper.framework; name = MapKit.framework; path = System/Library/Frameworks/MapKit.framework; sourceTree = SDKROOT; };
		50FB3195189EE4DE00137949 /* CoreLocation.framework */ = {isa = PBXFileReference; lastKnownFileType = wrapper.framework; name = CoreLocation.framework; path = System/Library/Frameworks/CoreLocation.framework; sourceTree = SDKROOT; };
		50FCB09318CE0C0000AD4402 /* JIPVenue+Create.h */ = {isa = PBXFileReference; fileEncoding = 4; lastKnownFileType = sourcecode.c.h; path = "JIPVenue+Create.h"; sourceTree = "<group>"; };
		50FCB09418CE0C0100AD4402 /* JIPVenue+Create.m */ = {isa = PBXFileReference; fileEncoding = 4; lastKnownFileType = sourcecode.c.objc; path = "JIPVenue+Create.m"; sourceTree = "<group>"; };
		50FCB09618CE12B500AD4402 /* JIPCoreDataTableViewController.h */ = {isa = PBXFileReference; fileEncoding = 4; lastKnownFileType = sourcecode.c.h; path = JIPCoreDataTableViewController.h; sourceTree = "<group>"; };
		50FCB09718CE12B500AD4402 /* JIPCoreDataTableViewController.m */ = {isa = PBXFileReference; fileEncoding = 4; lastKnownFileType = sourcecode.c.objc; path = JIPCoreDataTableViewController.m; sourceTree = "<group>"; };
		50FCB09918CE130C00AD4402 /* CoreData.framework */ = {isa = PBXFileReference; lastKnownFileType = wrapper.framework; name = CoreData.framework; path = System/Library/Frameworks/CoreData.framework; sourceTree = SDKROOT; };
		50FCB09B18CE140800AD4402 /* JIPUpcomingEventsCDTVC.h */ = {isa = PBXFileReference; fileEncoding = 4; lastKnownFileType = sourcecode.c.h; path = JIPUpcomingEventsCDTVC.h; sourceTree = "<group>"; };
		50FCB09C18CE140800AD4402 /* JIPUpcomingEventsCDTVC.m */ = {isa = PBXFileReference; fileEncoding = 4; lastKnownFileType = sourcecode.c.objc; path = JIPUpcomingEventsCDTVC.m; sourceTree = "<group>"; };
/* End PBXFileReference section */

/* Begin PBXFrameworksBuildPhase section */
		50A52F9D189ED5D9001D9779 /* Frameworks */ = {
			isa = PBXFrameworksBuildPhase;
			buildActionMask = 2147483647;
			files = (
				50FCB09A18CE130D00AD4402 /* CoreData.framework in Frameworks */,
				50FB3196189EE4DE00137949 /* CoreLocation.framework in Frameworks */,
				50FB3194189EE27D00137949 /* MapKit.framework in Frameworks */,
				50A52FA6189ED5D9001D9779 /* CoreGraphics.framework in Frameworks */,
				50A52FA8189ED5D9001D9779 /* UIKit.framework in Frameworks */,
				50A52FA4189ED5D9001D9779 /* Foundation.framework in Frameworks */,
			);
			runOnlyForDeploymentPostprocessing = 0;
		};
		50A52FB8189ED5D9001D9779 /* Frameworks */ = {
			isa = PBXFrameworksBuildPhase;
			buildActionMask = 2147483647;
			files = (
				50A52FBD189ED5D9001D9779 /* XCTest.framework in Frameworks */,
				50A52FBF189ED5D9001D9779 /* UIKit.framework in Frameworks */,
				50A52FBE189ED5D9001D9779 /* Foundation.framework in Frameworks */,
			);
			runOnlyForDeploymentPostprocessing = 0;
		};
/* End PBXFrameworksBuildPhase section */

/* Begin PBXGroup section */
		5008E04818DC995F00530542 /* RootVCs */ = {
			isa = PBXGroup;
			children = (
				50A52FD2189ED91C001D9779 /* JIPUpComingEventsViewController.h */,
				50A52FD3189ED91C001D9779 /* JIPUpComingEventsViewController.m */,
				50FCB09B18CE140800AD4402 /* JIPUpcomingEventsCDTVC.h */,
				50FCB09C18CE140800AD4402 /* JIPUpcomingEventsCDTVC.m */,
				5008E04518DC992F00530542 /* JIPSearchArtistsViewController.h */,
				5008E04618DC992F00530542 /* JIPSearchArtistsViewController.m */,
				508FF5DF18E5ED3500B53743 /* JIPFavoriteArtistTableViewController.h */,
				508FF5E018E5ED3500B53743 /* JIPFavoriteArtistTableViewController.m */,
			);
			name = RootVCs;
			sourceTree = "<group>";
		};
		5049960018E59FEE008D5413 /* Abstract */ = {
			isa = PBXGroup;
			children = (
				50FCB09618CE12B500AD4402 /* JIPCoreDataTableViewController.h */,
				50FCB09718CE12B500AD4402 /* JIPCoreDataTableViewController.m */,
			);
			name = Abstract;
			sourceTree = "<group>";
		};
		50726F2F18BB56A8008F2578 /* Extension */ = {
			isa = PBXGroup;
			children = (
				50D334D818B6573F00E21622 /* JIPExtendNSLogFunctionality.h */,
				50D334D918B6573F00E21622 /* JIPExtendNSLogFunctionality.m */,
			);
			name = Extension;
			sourceTree = "<group>";
		};
		50A52F97189ED5D9001D9779 = {
			isa = PBXGroup;
			children = (
				50A52FA9189ED5D9001D9779 /* JazzInParis */,
				50A52FC2189ED5D9001D9779 /* JazzInParisTests */,
				50A52FA2189ED5D9001D9779 /* Frameworks */,
				50A52FA1189ED5D9001D9779 /* Products */,
			);
			sourceTree = "<group>";
		};
		50A52FA1189ED5D9001D9779 /* Products */ = {
			isa = PBXGroup;
			children = (
				50A52FA0189ED5D9001D9779 /* JazzInParis.app */,
				50A52FBB189ED5D9001D9779 /* JazzInParisTests.xctest */,
			);
			name = Products;
			sourceTree = "<group>";
		};
		50A52FA2189ED5D9001D9779 /* Frameworks */ = {
			isa = PBXGroup;
			children = (
				50FCB09918CE130C00AD4402 /* CoreData.framework */,
				50FB3195189EE4DE00137949 /* CoreLocation.framework */,
				50FB3193189EE27D00137949 /* MapKit.framework */,
				50A52FA3189ED5D9001D9779 /* Foundation.framework */,
				50A52FA5189ED5D9001D9779 /* CoreGraphics.framework */,
				50A52FA7189ED5D9001D9779 /* UIKit.framework */,
				50A52FBC189ED5D9001D9779 /* XCTest.framework */,
			);
			name = Frameworks;
			sourceTree = "<group>";
		};
		50A52FA9189ED5D9001D9779 /* JazzInParis */ = {
			isa = PBXGroup;
			children = (
				50A52FB2189ED5D9001D9779 /* JIPAppDelegate.h */,
				50A52FB3189ED5D9001D9779 /* JIPAppDelegate.m */,
				501FB95F18D1BFCE00845256 /* JIPManagedDocument.h */,
				501FB96018D1BFCE00845256 /* JIPManagedDocument.m */,
				5051B4F318D9A6D600BBE2DB /* JIPUpdateManager.h */,
				5051B4F418D9A6D600BBE2DB /* JIPUpdateManager.m */,
				50FB3192189EE04F00137949 /* ViewControllers */,
				50CE606418BA9C540079F0EF /* Views */,
				50FB3191189EE04500137949 /* Models */,
				50DAA79218AB8E57003DDADA /* Categories */,
				50726F2F18BB56A8008F2578 /* Extension */,
				50A52FB5189ED5D9001D9779 /* Images.xcassets */,
				50A52FAA189ED5D9001D9779 /* Supporting Files */,
			);
			path = JazzInParis;
			sourceTree = "<group>";
		};
		50A52FAA189ED5D9001D9779 /* Supporting Files */ = {
			isa = PBXGroup;
			children = (
				50A52FAB189ED5D9001D9779 /* JazzInParis-Info.plist */,
				50A52FAC189ED5D9001D9779 /* InfoPlist.strings */,
				50A52FAF189ED5D9001D9779 /* main.m */,
				50A52FB1189ED5D9001D9779 /* JazzInParis-Prefix.pch */,
			);
			name = "Supporting Files";
			sourceTree = "<group>";
		};
		50A52FC2189ED5D9001D9779 /* JazzInParisTests */ = {
			isa = PBXGroup;
			children = (
				50A52FC8189ED5D9001D9779 /* JazzInParisTests.m */,
				50A52FC3189ED5D9001D9779 /* Supporting Files */,
			);
			path = JazzInParisTests;
			sourceTree = "<group>";
		};
		50A52FC3189ED5D9001D9779 /* Supporting Files */ = {
			isa = PBXGroup;
			children = (
				50A52FC4189ED5D9001D9779 /* JazzInParisTests-Info.plist */,
				50A52FC5189ED5D9001D9779 /* InfoPlist.strings */,
			);
			name = "Supporting Files";
			sourceTree = "<group>";
		};
		50CE606418BA9C540079F0EF /* Views */ = {
			isa = PBXGroup;
			children = (
				509759CF18A900F800E1482E /* JIPMyPinView.h */,
				509759D018A900F800E1482E /* JIPMyPinView.m */,
			);
			name = Views;
			sourceTree = "<group>";
		};
		50DAA79218AB8E57003DDADA /* Categories */ = {
			isa = PBXGroup;
			children = (
				50DAA78F18AB8E52003DDADA /* NSDate+Formatting.h */,
				50DAA79018AB8E52003DDADA /* NSDate+Formatting.m */,
			);
			name = Categories;
			sourceTree = "<group>";
		};
		50FB3191189EE04500137949 /* Models */ = {
			isa = PBXGroup;
			children = (
				50D4BB2F18B49D0700E7CF12 /* Model.xcdatamodeld */,
				50FB318E189EE02800137949 /* JIPEvent.h */,
				50FB318F189EE02800137949 /* JIPEvent.m */,
				50A1524D18CF5F8E00AB2D9F /* JIPEvent+Create.h */,
				50A1524E18CF5F8E00AB2D9F /* JIPEvent+Create.m */,
				508598D818AA74BF0048D760 /* JIPArtist.h */,
				508598D918AA74BF0048D760 /* JIPArtist.m */,
				50A1525018CF66DE00AB2D9F /* JIPArtist+Create.h */,
				50A1525118CF66DE00AB2D9F /* JIPArtist+Create.m */,
				508598D218AA46330048D760 /* JIPVenue.h */,
				508598D318AA46330048D760 /* JIPVenue.m */,
				50FCB09318CE0C0000AD4402 /* JIPVenue+Create.h */,
				50FCB09418CE0C0100AD4402 /* JIPVenue+Create.m */,
			);
			name = Models;
			sourceTree = "<group>";
		};
		50FB3192189EE04F00137949 /* ViewControllers */ = {
			isa = PBXGroup;
			children = (
				5049960018E59FEE008D5413 /* Abstract */,
				5008E04818DC995F00530542 /* RootVCs */,
				5015AAAC18A159ED000A7625 /* JIPConcertDetailsViewController.h */,
				5015AAAD18A159ED000A7625 /* JIPConcertDetailsViewController.m */,
				508598D518AA551C0048D760 /* JIPVenueDetailsViewController.h */,
				508598D618AA551C0048D760 /* JIPVenueDetailsViewController.m */,
				508598DB18AA83AB0048D760 /* JIPArtistDetailsViewController.h */,
				508598DC18AA83AB0048D760 /* JIPArtistDetailsViewController.m */,
			);
			name = ViewControllers;
			sourceTree = "<group>";
		};
/* End PBXGroup section */

/* Begin PBXNativeTarget section */
		50A52F9F189ED5D9001D9779 /* JazzInParis */ = {
			isa = PBXNativeTarget;
			buildConfigurationList = 50A52FCC189ED5D9001D9779 /* Build configuration list for PBXNativeTarget "JazzInParis" */;
			buildPhases = (
				50A52F9C189ED5D9001D9779 /* Sources */,
				50A52F9D189ED5D9001D9779 /* Frameworks */,
				50A52F9E189ED5D9001D9779 /* Resources */,
				5016776918D35D3D0060EC01 /* ShellScript */,
			);
			buildRules = (
			);
			dependencies = (
			);
			name = JazzInParis;
			productName = JazzInParis;
			productReference = 50A52FA0189ED5D9001D9779 /* JazzInParis.app */;
			productType = "com.apple.product-type.application";
		};
		50A52FBA189ED5D9001D9779 /* JazzInParisTests */ = {
			isa = PBXNativeTarget;
			buildConfigurationList = 50A52FCF189ED5D9001D9779 /* Build configuration list for PBXNativeTarget "JazzInParisTests" */;
			buildPhases = (
				50A52FB7189ED5D9001D9779 /* Sources */,
				50A52FB8189ED5D9001D9779 /* Frameworks */,
				50A52FB9189ED5D9001D9779 /* Resources */,
			);
			buildRules = (
			);
			dependencies = (
				50A52FC1189ED5D9001D9779 /* PBXTargetDependency */,
			);
			name = JazzInParisTests;
			productName = JazzInParisTests;
			productReference = 50A52FBB189ED5D9001D9779 /* JazzInParisTests.xctest */;
			productType = "com.apple.product-type.bundle.unit-test";
		};
/* End PBXNativeTarget section */

/* Begin PBXProject section */
		50A52F98189ED5D9001D9779 /* Project object */ = {
			isa = PBXProject;
			attributes = {
				CLASSPREFIX = JIP;
				LastUpgradeCheck = 0500;
				ORGANIZATIONNAME = Max;
				TargetAttributes = {
					50A52FBA189ED5D9001D9779 = {
						TestTargetID = 50A52F9F189ED5D9001D9779;
					};
				};
			};
			buildConfigurationList = 50A52F9B189ED5D9001D9779 /* Build configuration list for PBXProject "JazzInParis" */;
			compatibilityVersion = "Xcode 3.2";
			developmentRegion = English;
			hasScannedForEncodings = 0;
			knownRegions = (
				en,
			);
			mainGroup = 50A52F97189ED5D9001D9779;
			productRefGroup = 50A52FA1189ED5D9001D9779 /* Products */;
			projectDirPath = "";
			projectRoot = "";
			targets = (
				50A52F9F189ED5D9001D9779 /* JazzInParis */,
				50A52FBA189ED5D9001D9779 /* JazzInParisTests */,
			);
		};
/* End PBXProject section */

/* Begin PBXResourcesBuildPhase section */
		50A52F9E189ED5D9001D9779 /* Resources */ = {
			isa = PBXResourcesBuildPhase;
			buildActionMask = 2147483647;
			files = (
				50A52FAE189ED5D9001D9779 /* InfoPlist.strings in Resources */,
				50A52FB6189ED5D9001D9779 /* Images.xcassets in Resources */,
			);
			runOnlyForDeploymentPostprocessing = 0;
		};
		50A52FB9189ED5D9001D9779 /* Resources */ = {
			isa = PBXResourcesBuildPhase;
			buildActionMask = 2147483647;
			files = (
				50A52FC7189ED5D9001D9779 /* InfoPlist.strings in Resources */,
			);
			runOnlyForDeploymentPostprocessing = 0;
		};
/* End PBXResourcesBuildPhase section */

/* Begin PBXShellScriptBuildPhase section */
		5016776918D35D3D0060EC01 /* ShellScript */ = {
			isa = PBXShellScriptBuildPhase;
			buildActionMask = 12;
			files = (
			);
			inputPaths = (
			);
			outputPaths = (
			);
			runOnlyForDeploymentPostprocessing = 0;
			shellPath = /bin/sh;
			shellScript = "KEYWORDS=\"TODO:|FIXME:|\\?\\?\\?:|\\!\\!\\!:\"\nfind \"${SRCROOT}\" \\( -name \"*.h\" -or -name \"*.m\" \\) -print0 | xargs -0 egrep --with-filename --line-number --only-matching \"($KEYWORDS).*\\$\" | perl -p -e \"s/($KEYWORDS)/ warning: \\$1/\"";
		};
/* End PBXShellScriptBuildPhase section */

/* Begin PBXSourcesBuildPhase section */
		50A52F9C189ED5D9001D9779 /* Sources */ = {
			isa = PBXSourcesBuildPhase;
			buildActionMask = 2147483647;
			files = (
				508598D418AA46330048D760 /* JIPVenue.m in Sources */,
				50A1524F18CF5F8E00AB2D9F /* JIPEvent+Create.m in Sources */,
				50D334DA18B6573F00E21622 /* JIPExtendNSLogFunctionality.m in Sources */,
				50A52FD4189ED91C001D9779 /* JIPUpComingEventsViewController.m in Sources */,
				50A52FB4189ED5D9001D9779 /* JIPAppDelegate.m in Sources */,
				50DAA79118AB8E52003DDADA /* NSDate+Formatting.m in Sources */,
				5051B4F518D9A6D600BBE2DB /* JIPUpdateManager.m in Sources */,
				50A1525218CF66DE00AB2D9F /* JIPArtist+Create.m in Sources */,
				501FB96118D1BFCE00845256 /* JIPManagedDocument.m in Sources */,
				509759D118A900F800E1482E /* JIPMyPinView.m in Sources */,
				508598DD18AA83AB0048D760 /* JIPArtistDetailsViewController.m in Sources */,
				50FCB09518CE0C0100AD4402 /* JIPVenue+Create.m in Sources */,
				50FB3190189EE02800137949 /* JIPEvent.m in Sources */,
				508598DA18AA74BF0048D760 /* JIPArtist.m in Sources */,
				5008E04718DC992F00530542 /* JIPSearchArtistsViewController.m in Sources */,
				508598D718AA551C0048D760 /* JIPVenueDetailsViewController.m in Sources */,
				50FCB09D18CE140800AD4402 /* JIPUpcomingEventsCDTVC.m in Sources */,
				50A52FB0189ED5D9001D9779 /* main.m in Sources */,
				5015AAAE18A159ED000A7625 /* JIPConcertDetailsViewController.m in Sources */,
				508FF5E118E5ED3500B53743 /* JIPFavoriteArtistTableViewController.m in Sources */,
				50D4BB3118B49D0700E7CF12 /* Model.xcdatamodeld in Sources */,
				50FCB09818CE12B500AD4402 /* JIPCoreDataTableViewController.m in Sources */,
			);
			runOnlyForDeploymentPostprocessing = 0;
		};
		50A52FB7189ED5D9001D9779 /* Sources */ = {
			isa = PBXSourcesBuildPhase;
			buildActionMask = 2147483647;
			files = (
				50A52FC9189ED5D9001D9779 /* JazzInParisTests.m in Sources */,
			);
			runOnlyForDeploymentPostprocessing = 0;
		};
/* End PBXSourcesBuildPhase section */

/* Begin PBXTargetDependency section */
		50A52FC1189ED5D9001D9779 /* PBXTargetDependency */ = {
			isa = PBXTargetDependency;
			target = 50A52F9F189ED5D9001D9779 /* JazzInParis */;
			targetProxy = 50A52FC0189ED5D9001D9779 /* PBXContainerItemProxy */;
		};
/* End PBXTargetDependency section */

/* Begin PBXVariantGroup section */
		50A52FAC189ED5D9001D9779 /* InfoPlist.strings */ = {
			isa = PBXVariantGroup;
			children = (
				50A52FAD189ED5D9001D9779 /* en */,
			);
			name = InfoPlist.strings;
			sourceTree = "<group>";
		};
		50A52FC5189ED5D9001D9779 /* InfoPlist.strings */ = {
			isa = PBXVariantGroup;
			children = (
				50A52FC6189ED5D9001D9779 /* en */,
			);
			name = InfoPlist.strings;
			sourceTree = "<group>";
		};
/* End PBXVariantGroup section */

/* Begin XCBuildConfiguration section */
		50A52FCA189ED5D9001D9779 /* Debug */ = {
			isa = XCBuildConfiguration;
			buildSettings = {
				ALWAYS_SEARCH_USER_PATHS = NO;
				ARCHS = "$(ARCHS_STANDARD_INCLUDING_64_BIT)";
				CLANG_CXX_LANGUAGE_STANDARD = "gnu++0x";
				CLANG_CXX_LIBRARY = "libc++";
				CLANG_ENABLE_MODULES = YES;
				CLANG_ENABLE_OBJC_ARC = YES;
				CLANG_WARN_BOOL_CONVERSION = YES;
				CLANG_WARN_CONSTANT_CONVERSION = YES;
				CLANG_WARN_DIRECT_OBJC_ISA_USAGE = YES_ERROR;
				CLANG_WARN_EMPTY_BODY = YES;
				CLANG_WARN_ENUM_CONVERSION = YES;
				CLANG_WARN_INT_CONVERSION = YES;
				CLANG_WARN_OBJC_ROOT_CLASS = YES_ERROR;
				CLANG_WARN__DUPLICATE_METHOD_MATCH = YES;
				"CODE_SIGN_IDENTITY[sdk=iphoneos*]" = "iPhone Developer";
				COPY_PHASE_STRIP = NO;
				GCC_C_LANGUAGE_STANDARD = gnu99;
				GCC_DYNAMIC_NO_PIC = NO;
				GCC_OPTIMIZATION_LEVEL = 0;
				GCC_PREPROCESSOR_DEFINITIONS = (
					"DEBUG=1",
					"$(inherited)",
				);
				GCC_SYMBOLS_PRIVATE_EXTERN = NO;
				GCC_WARN_64_TO_32_BIT_CONVERSION = YES;
				GCC_WARN_ABOUT_RETURN_TYPE = YES_ERROR;
				GCC_WARN_UNDECLARED_SELECTOR = YES;
				GCC_WARN_UNINITIALIZED_AUTOS = YES;
				GCC_WARN_UNUSED_FUNCTION = YES;
				GCC_WARN_UNUSED_VARIABLE = YES;
				IPHONEOS_DEPLOYMENT_TARGET = 7.0;
				ONLY_ACTIVE_ARCH = YES;
				SDKROOT = iphoneos;
			};
			name = Debug;
		};
		50A52FCB189ED5D9001D9779 /* Release */ = {
			isa = XCBuildConfiguration;
			buildSettings = {
				ALWAYS_SEARCH_USER_PATHS = NO;
				ARCHS = "$(ARCHS_STANDARD_INCLUDING_64_BIT)";
				CLANG_CXX_LANGUAGE_STANDARD = "gnu++0x";
				CLANG_CXX_LIBRARY = "libc++";
				CLANG_ENABLE_MODULES = YES;
				CLANG_ENABLE_OBJC_ARC = YES;
				CLANG_WARN_BOOL_CONVERSION = YES;
				CLANG_WARN_CONSTANT_CONVERSION = YES;
				CLANG_WARN_DIRECT_OBJC_ISA_USAGE = YES_ERROR;
				CLANG_WARN_EMPTY_BODY = YES;
				CLANG_WARN_ENUM_CONVERSION = YES;
				CLANG_WARN_INT_CONVERSION = YES;
				CLANG_WARN_OBJC_ROOT_CLASS = YES_ERROR;
				CLANG_WARN__DUPLICATE_METHOD_MATCH = YES;
				"CODE_SIGN_IDENTITY[sdk=iphoneos*]" = "iPhone Developer";
				COPY_PHASE_STRIP = YES;
				ENABLE_NS_ASSERTIONS = NO;
				GCC_C_LANGUAGE_STANDARD = gnu99;
				GCC_WARN_64_TO_32_BIT_CONVERSION = YES;
				GCC_WARN_ABOUT_RETURN_TYPE = YES_ERROR;
				GCC_WARN_UNDECLARED_SELECTOR = YES;
				GCC_WARN_UNINITIALIZED_AUTOS = YES;
				GCC_WARN_UNUSED_FUNCTION = YES;
				GCC_WARN_UNUSED_VARIABLE = YES;
				IPHONEOS_DEPLOYMENT_TARGET = 7.0;
				SDKROOT = iphoneos;
				VALIDATE_PRODUCT = YES;
			};
			name = Release;
		};
		50A52FCD189ED5D9001D9779 /* Debug */ = {
			isa = XCBuildConfiguration;
			buildSettings = {
				ASSETCATALOG_COMPILER_APPICON_NAME = AppIcon;
				ASSETCATALOG_COMPILER_LAUNCHIMAGE_NAME = LaunchImage;
				GCC_PRECOMPILE_PREFIX_HEADER = YES;
				GCC_PREFIX_HEADER = "JazzInParis/JazzInParis-Prefix.pch";
				INFOPLIST_FILE = "JazzInParis/JazzInParis-Info.plist";
				PRODUCT_NAME = "$(TARGET_NAME)";
				WRAPPER_EXTENSION = app;
			};
			name = Debug;
		};
		50A52FCE189ED5D9001D9779 /* Release */ = {
			isa = XCBuildConfiguration;
			buildSettings = {
				ASSETCATALOG_COMPILER_APPICON_NAME = AppIcon;
				ASSETCATALOG_COMPILER_LAUNCHIMAGE_NAME = LaunchImage;
				GCC_PRECOMPILE_PREFIX_HEADER = YES;
				GCC_PREFIX_HEADER = "JazzInParis/JazzInParis-Prefix.pch";
				INFOPLIST_FILE = "JazzInParis/JazzInParis-Info.plist";
				PRODUCT_NAME = "$(TARGET_NAME)";
				WRAPPER_EXTENSION = app;
			};
			name = Release;
		};
		50A52FD0189ED5D9001D9779 /* Debug */ = {
			isa = XCBuildConfiguration;
			buildSettings = {
				ARCHS = "$(ARCHS_STANDARD_INCLUDING_64_BIT)";
				BUNDLE_LOADER = "$(BUILT_PRODUCTS_DIR)/JazzInParis.app/JazzInParis";
				FRAMEWORK_SEARCH_PATHS = (
					"$(SDKROOT)/Developer/Library/Frameworks",
					"$(inherited)",
					"$(DEVELOPER_FRAMEWORKS_DIR)",
				);
				GCC_PRECOMPILE_PREFIX_HEADER = YES;
				GCC_PREFIX_HEADER = "JazzInParis/JazzInParis-Prefix.pch";
				GCC_PREPROCESSOR_DEFINITIONS = (
					"DEBUG=1",
					"$(inherited)",
				);
				INFOPLIST_FILE = "JazzInParisTests/JazzInParisTests-Info.plist";
				PRODUCT_NAME = "$(TARGET_NAME)";
				TEST_HOST = "$(BUNDLE_LOADER)";
				WRAPPER_EXTENSION = xctest;
			};
			name = Debug;
		};
		50A52FD1189ED5D9001D9779 /* Release */ = {
			isa = XCBuildConfiguration;
			buildSettings = {
				ARCHS = "$(ARCHS_STANDARD_INCLUDING_64_BIT)";
				BUNDLE_LOADER = "$(BUILT_PRODUCTS_DIR)/JazzInParis.app/JazzInParis";
				FRAMEWORK_SEARCH_PATHS = (
					"$(SDKROOT)/Developer/Library/Frameworks",
					"$(inherited)",
					"$(DEVELOPER_FRAMEWORKS_DIR)",
				);
				GCC_PRECOMPILE_PREFIX_HEADER = YES;
				GCC_PREFIX_HEADER = "JazzInParis/JazzInParis-Prefix.pch";
				INFOPLIST_FILE = "JazzInParisTests/JazzInParisTests-Info.plist";
				PRODUCT_NAME = "$(TARGET_NAME)";
				TEST_HOST = "$(BUNDLE_LOADER)";
				WRAPPER_EXTENSION = xctest;
			};
			name = Release;
		};
/* End XCBuildConfiguration section */

/* Begin XCConfigurationList section */
		50A52F9B189ED5D9001D9779 /* Build configuration list for PBXProject "JazzInParis" */ = {
			isa = XCConfigurationList;
			buildConfigurations = (
				50A52FCA189ED5D9001D9779 /* Debug */,
				50A52FCB189ED5D9001D9779 /* Release */,
			);
			defaultConfigurationIsVisible = 0;
			defaultConfigurationName = Release;
		};
		50A52FCC189ED5D9001D9779 /* Build configuration list for PBXNativeTarget "JazzInParis" */ = {
			isa = XCConfigurationList;
			buildConfigurations = (
				50A52FCD189ED5D9001D9779 /* Debug */,
				50A52FCE189ED5D9001D9779 /* Release */,
			);
			defaultConfigurationIsVisible = 0;
			defaultConfigurationName = Release;
		};
		50A52FCF189ED5D9001D9779 /* Build configuration list for PBXNativeTarget "JazzInParisTests" */ = {
			isa = XCConfigurationList;
			buildConfigurations = (
				50A52FD0189ED5D9001D9779 /* Debug */,
				50A52FD1189ED5D9001D9779 /* Release */,
			);
			defaultConfigurationIsVisible = 0;
			defaultConfigurationName = Release;
		};
/* End XCConfigurationList section */

/* Begin XCVersionGroup section */
		50D4BB2F18B49D0700E7CF12 /* Model.xcdatamodeld */ = {
			isa = XCVersionGroup;
			children = (
				50D4BB3018B49D0700E7CF12 /* Model.xcdatamodel */,
			);
			currentVersion = 50D4BB3018B49D0700E7CF12 /* Model.xcdatamodel */;
			path = Model.xcdatamodeld;
			sourceTree = "<group>";
			versionGroupType = wrapper.xcdatamodel;
		};
/* End XCVersionGroup section */
	};
	rootObject = 50A52F98189ED5D9001D9779 /* Project object */;
}
