// !$*UTF8*$!
{
	archiveVersion = 1;
	classes = {
	};
	objectVersion = 46;
	objects = {

/* Begin PBXBuildFile section */
		5008E04718DC992F00530542 /* JIPSearchArtistsViewController.m in Sources */ = {isa = PBXBuildFile; fileRef = 5008E04618DC992F00530542 /* JIPSearchArtistsViewController.m */; };
		5012E5E019045A66002EA140 /* JIPJazzClubsMapVC.m in Sources */ = {isa = PBXBuildFile; fileRef = 5012E5DF19045A66002EA140 /* JIPJazzClubsMapVC.m */; };
		50149FA1190586F20037E9A7 /* UIImage+Resize.m in Sources */ = {isa = PBXBuildFile; fileRef = 50149FA0190586F20037E9A7 /* UIImage+Resize.m */; };
		5015AAAE18A159ED000A7625 /* JIPConcertDetailsViewController.m in Sources */ = {isa = PBXBuildFile; fileRef = 5015AAAD18A159ED000A7625 /* JIPConcertDetailsViewController.m */; };
		501FB96118D1BFCE00845256 /* JIPManagedDocument.m in Sources */ = {isa = PBXBuildFile; fileRef = 501FB96018D1BFCE00845256 /* JIPManagedDocument.m */; };
		5029345518FD5B2A009A4F2F /* AFHTTPRequestOperation.m in Sources */ = {isa = PBXBuildFile; fileRef = 5029343118FD5B29009A4F2F /* AFHTTPRequestOperation.m */; };
		5029345618FD5B2A009A4F2F /* AFHTTPRequestOperationManager.m in Sources */ = {isa = PBXBuildFile; fileRef = 5029343318FD5B29009A4F2F /* AFHTTPRequestOperationManager.m */; };
		5029345718FD5B2A009A4F2F /* AFHTTPSessionManager.m in Sources */ = {isa = PBXBuildFile; fileRef = 5029343518FD5B29009A4F2F /* AFHTTPSessionManager.m */; };
		5029345818FD5B2A009A4F2F /* AFNetworkReachabilityManager.m in Sources */ = {isa = PBXBuildFile; fileRef = 5029343818FD5B29009A4F2F /* AFNetworkReachabilityManager.m */; };
		5029345918FD5B2A009A4F2F /* AFSecurityPolicy.m in Sources */ = {isa = PBXBuildFile; fileRef = 5029343A18FD5B29009A4F2F /* AFSecurityPolicy.m */; };
		5029345A18FD5B2A009A4F2F /* AFURLConnectionOperation.m in Sources */ = {isa = PBXBuildFile; fileRef = 5029343C18FD5B29009A4F2F /* AFURLConnectionOperation.m */; };
		5029345B18FD5B2A009A4F2F /* AFURLRequestSerialization.m in Sources */ = {isa = PBXBuildFile; fileRef = 5029343E18FD5B29009A4F2F /* AFURLRequestSerialization.m */; };
		5029345C18FD5B2A009A4F2F /* AFURLResponseSerialization.m in Sources */ = {isa = PBXBuildFile; fileRef = 5029344018FD5B29009A4F2F /* AFURLResponseSerialization.m */; };
		5029345D18FD5B2A009A4F2F /* AFURLSessionManager.m in Sources */ = {isa = PBXBuildFile; fileRef = 5029344218FD5B29009A4F2F /* AFURLSessionManager.m */; };
		5029345E18FD5B2A009A4F2F /* AFNetworkActivityIndicatorManager.m in Sources */ = {isa = PBXBuildFile; fileRef = 5029344518FD5B29009A4F2F /* AFNetworkActivityIndicatorManager.m */; };
		5029345F18FD5B2A009A4F2F /* UIActivityIndicatorView+AFNetworking.m in Sources */ = {isa = PBXBuildFile; fileRef = 5029344718FD5B29009A4F2F /* UIActivityIndicatorView+AFNetworking.m */; };
		5029346018FD5B2A009A4F2F /* UIAlertView+AFNetworking.m in Sources */ = {isa = PBXBuildFile; fileRef = 5029344918FD5B29009A4F2F /* UIAlertView+AFNetworking.m */; };
		5029346118FD5B2A009A4F2F /* UIButton+AFNetworking.m in Sources */ = {isa = PBXBuildFile; fileRef = 5029344B18FD5B29009A4F2F /* UIButton+AFNetworking.m */; };
		5029346218FD5B2A009A4F2F /* UIImageView+AFNetworking.m in Sources */ = {isa = PBXBuildFile; fileRef = 5029344D18FD5B29009A4F2F /* UIImageView+AFNetworking.m */; };
		5029346318FD5B2A009A4F2F /* UIProgressView+AFNetworking.m in Sources */ = {isa = PBXBuildFile; fileRef = 5029345018FD5B29009A4F2F /* UIProgressView+AFNetworking.m */; };
		5029346418FD5B2A009A4F2F /* UIRefreshControl+AFNetworking.m in Sources */ = {isa = PBXBuildFile; fileRef = 5029345218FD5B2A009A4F2F /* UIRefreshControl+AFNetworking.m */; };
		5029346518FD5B2A009A4F2F /* UIWebView+AFNetworking.m in Sources */ = {isa = PBXBuildFile; fileRef = 5029345418FD5B2A009A4F2F /* UIWebView+AFNetworking.m */; };
		5029346818FD5BE4009A4F2F /* WikipediaHelper.m in Sources */ = {isa = PBXBuildFile; fileRef = 5029346718FD5BE4009A4F2F /* WikipediaHelper.m */; };
		5029346C18FD6416009A4F2F /* JIPPageContentVC.m in Sources */ = {isa = PBXBuildFile; fileRef = 5029346B18FD6416009A4F2F /* JIPPageContentVC.m */; };
		5029346F18FD6575009A4F2F /* JIPManagingPageContent.m in Sources */ = {isa = PBXBuildFile; fileRef = 5029346E18FD6575009A4F2F /* JIPManagingPageContent.m */; };
		5029347218FD79AC009A4F2F /* JIPInitialVC.m in Sources */ = {isa = PBXBuildFile; fileRef = 5029347118FD79AB009A4F2F /* JIPInitialVC.m */; };
		502A222818F97ABB00CB7926 /* JIPSearchArtistNameCell.m in Sources */ = {isa = PBXBuildFile; fileRef = 502A222718F97ABB00CB7926 /* JIPSearchArtistNameCell.m */; };
		502A222B18F9815C00CB7926 /* JIPArtistDetailsTVC.m in Sources */ = {isa = PBXBuildFile; fileRef = 502A222A18F9815C00CB7926 /* JIPArtistDetailsTVC.m */; };
		503CE20D19091E9800EB2F4C /* Default-568h@2x.png in Resources */ = {isa = PBXBuildFile; fileRef = 503CE20C19091E9800EB2F4C /* Default-568h@2x.png */; };
		5040392C18F5649200AE815A /* JIPUpcomingEventCell.m in Sources */ = {isa = PBXBuildFile; fileRef = 5040392B18F5649200AE815A /* JIPUpcomingEventCell.m */; };
		5051B4F518D9A6D600BBE2DB /* JIPUpdateManager.m in Sources */ = {isa = PBXBuildFile; fileRef = 5051B4F418D9A6D600BBE2DB /* JIPUpdateManager.m */; };
		5069740F18F1811800A4E23C /* JIPArtistNameCell.m in Sources */ = {isa = PBXBuildFile; fileRef = 5069740E18F1811800A4E23C /* JIPArtistNameCell.m */; };
		5069741518F1828300A4E23C /* JIPYouTubeVideoCell.m in Sources */ = {isa = PBXBuildFile; fileRef = 5069741418F1828300A4E23C /* JIPYouTubeVideoCell.m */; };
		5074704218FBFE470040C7FC /* JIPDesign.m in Sources */ = {isa = PBXBuildFile; fileRef = 5074704118FBFE470040C7FC /* JIPDesign.m */; };
		5074704818FC06B10040C7FC /* JIPEventDetailsTVC.m in Sources */ = {isa = PBXBuildFile; fileRef = 5074704718FC06B10040C7FC /* JIPEventDetailsTVC.m */; };
		508598D418AA46330048D760 /* JIPVenue.m in Sources */ = {isa = PBXBuildFile; fileRef = 508598D318AA46330048D760 /* JIPVenue.m */; };
		508598D718AA551C0048D760 /* JIPVenueDetailsViewController.m in Sources */ = {isa = PBXBuildFile; fileRef = 508598D618AA551C0048D760 /* JIPVenueDetailsViewController.m */; };
		508598DA18AA74BF0048D760 /* JIPArtist.m in Sources */ = {isa = PBXBuildFile; fileRef = 508598D918AA74BF0048D760 /* JIPArtist.m */; };
		508598DD18AA83AB0048D760 /* JIPArtistDetailsViewController.m in Sources */ = {isa = PBXBuildFile; fileRef = 508598DC18AA83AB0048D760 /* JIPArtistDetailsViewController.m */; };
		508FF5E118E5ED3500B53743 /* JIPFavoriteArtistTableViewController.m in Sources */ = {isa = PBXBuildFile; fileRef = 508FF5E018E5ED3500B53743 /* JIPFavoriteArtistTableViewController.m */; };
		50916EE718F8195E006D5C26 /* CoreText.framework in Frameworks */ = {isa = PBXBuildFile; fileRef = 50916EE618F8195E006D5C26 /* CoreText.framework */; };
		50916EE918F8196D006D5C26 /* QuartzCore.framework in Frameworks */ = {isa = PBXBuildFile; fileRef = 50916EE818F8196D006D5C26 /* QuartzCore.framework */; };
		50916F2F18F81AC1006D5C26 /* JSONModel.m in Sources */ = {isa = PBXBuildFile; fileRef = 50916EEE18F81AC1006D5C26 /* JSONModel.m */; };
		50916F3018F81AC1006D5C26 /* JSONModelArray.m in Sources */ = {isa = PBXBuildFile; fileRef = 50916EF018F81AC1006D5C26 /* JSONModelArray.m */; };
		50916F3118F81AC1006D5C26 /* JSONModelClassProperty.m in Sources */ = {isa = PBXBuildFile; fileRef = 50916EF218F81AC1006D5C26 /* JSONModelClassProperty.m */; };
		50916F3218F81AC1006D5C26 /* JSONModelError.m in Sources */ = {isa = PBXBuildFile; fileRef = 50916EF418F81AC1006D5C26 /* JSONModelError.m */; };
		50916F3318F81AC1006D5C26 /* NSArray+JSONModel.m in Sources */ = {isa = PBXBuildFile; fileRef = 50916EF718F81AC1006D5C26 /* NSArray+JSONModel.m */; };
		50916F3418F81AC1006D5C26 /* JSONAPI.m in Sources */ = {isa = PBXBuildFile; fileRef = 50916EFB18F81AC1006D5C26 /* JSONAPI.m */; };
		50916F3518F81AC1006D5C26 /* JSONHTTPClient.m in Sources */ = {isa = PBXBuildFile; fileRef = 50916EFD18F81AC1006D5C26 /* JSONHTTPClient.m */; };
		50916F3618F81AC1006D5C26 /* JSONModel+networking.m in Sources */ = {isa = PBXBuildFile; fileRef = 50916EFF18F81AC1006D5C26 /* JSONModel+networking.m */; };
		50916F3718F81AC1006D5C26 /* JSONKeyMapper.m in Sources */ = {isa = PBXBuildFile; fileRef = 50916F0218F81AC1006D5C26 /* JSONKeyMapper.m */; };
		50916F3818F81AC1006D5C26 /* JSONValueTransformer.m in Sources */ = {isa = PBXBuildFile; fileRef = 50916F0418F81AC1006D5C26 /* JSONValueTransformer.m */; };
		50916F3918F81AC1006D5C26 /* MediaThumbnail.m in Sources */ = {isa = PBXBuildFile; fileRef = 50916F0618F81AC1006D5C26 /* MediaThumbnail.m */; };
		50916F3A18F81AC1006D5C26 /* NSAttributedString+MGTrim.m in Sources */ = {isa = PBXBuildFile; fileRef = 50916F0A18F81AC1006D5C26 /* NSAttributedString+MGTrim.m */; };
		50916F3B18F81AC1006D5C26 /* NSObject+MGEvents.m in Sources */ = {isa = PBXBuildFile; fileRef = 50916F0C18F81AC1006D5C26 /* NSObject+MGEvents.m */; };
		50916F3C18F81AC1006D5C26 /* UIColor+MGExpanded.m in Sources */ = {isa = PBXBuildFile; fileRef = 50916F0E18F81AC1006D5C26 /* UIColor+MGExpanded.m */; };
		50916F3D18F81AC1006D5C26 /* UIControl+MGEvents.m in Sources */ = {isa = PBXBuildFile; fileRef = 50916F1018F81AC1006D5C26 /* UIControl+MGEvents.m */; };
		50916F3E18F81AC1006D5C26 /* UIResponder+FirstResponder.m in Sources */ = {isa = PBXBuildFile; fileRef = 50916F1218F81AC1006D5C26 /* UIResponder+FirstResponder.m */; };
		50916F3F18F81AC1006D5C26 /* UIView+MGEasyFrame.m in Sources */ = {isa = PBXBuildFile; fileRef = 50916F1418F81AC1006D5C26 /* UIView+MGEasyFrame.m */; };
		50916F4018F81AC1006D5C26 /* MGBlockWrapper.m in Sources */ = {isa = PBXBuildFile; fileRef = 50916F1718F81AC1006D5C26 /* MGBlockWrapper.m */; };
		50916F4118F81AC1006D5C26 /* MGBox.m in Sources */ = {isa = PBXBuildFile; fileRef = 50916F1918F81AC1006D5C26 /* MGBox.m */; };
		50916F4218F81AC1006D5C26 /* MGButton.m in Sources */ = {isa = PBXBuildFile; fileRef = 50916F1B18F81AC1006D5C26 /* MGButton.m */; };
		50916F4318F81AC1006D5C26 /* MGLayoutManager.m in Sources */ = {isa = PBXBuildFile; fileRef = 50916F1E18F81AC1006D5C26 /* MGLayoutManager.m */; };
		50916F4418F81AC1006D5C26 /* MGLine.m in Sources */ = {isa = PBXBuildFile; fileRef = 50916F2018F81AC1006D5C26 /* MGLine.m */; };
		50916F4518F81AC1006D5C26 /* MGLineStyled.m in Sources */ = {isa = PBXBuildFile; fileRef = 50916F2218F81AC1006D5C26 /* MGLineStyled.m */; };
		50916F4618F81AC1006D5C26 /* MGMushParser.m in Sources */ = {isa = PBXBuildFile; fileRef = 50916F2418F81AC1006D5C26 /* MGMushParser.m */; };
		50916F4718F81AC1006D5C26 /* MGScrollView.m in Sources */ = {isa = PBXBuildFile; fileRef = 50916F2618F81AC1006D5C26 /* MGScrollView.m */; };
		50916F4818F81AC1006D5C26 /* MGTableBox.m in Sources */ = {isa = PBXBuildFile; fileRef = 50916F2818F81AC1006D5C26 /* MGTableBox.m */; };
		50916F4918F81AC1006D5C26 /* MGTableBoxStyled.m in Sources */ = {isa = PBXBuildFile; fileRef = 50916F2A18F81AC1006D5C26 /* MGTableBoxStyled.m */; };
		50916F4A18F81AC1006D5C26 /* VideoLink.m in Sources */ = {isa = PBXBuildFile; fileRef = 50916F2C18F81AC1006D5C26 /* VideoLink.m */; };
		50916F4B18F81AC1006D5C26 /* VideoModel.m in Sources */ = {isa = PBXBuildFile; fileRef = 50916F2E18F81AC1006D5C26 /* VideoModel.m */; };
		50916F5218F81B19006D5C26 /* PhotoBox.m in Sources */ = {isa = PBXBuildFile; fileRef = 50916F4D18F81B19006D5C26 /* PhotoBox.m */; };
		50916F5318F81B19006D5C26 /* YouTubeVC.m in Sources */ = {isa = PBXBuildFile; fileRef = 50916F4F18F81B19006D5C26 /* YouTubeVC.m */; };
		50916F5418F81B19006D5C26 /* WebVideoViewController.m in Sources */ = {isa = PBXBuildFile; fileRef = 50916F5118F81B19006D5C26 /* WebVideoViewController.m */; };
		50916F5A18F821F8006D5C26 /* JIPArtistDetailVC.m in Sources */ = {isa = PBXBuildFile; fileRef = 50916F5918F821F8006D5C26 /* JIPArtistDetailVC.m */; };
		509759D118A900F800E1482E /* JIPMyPinView.m in Sources */ = {isa = PBXBuildFile; fileRef = 509759D018A900F800E1482E /* JIPMyPinView.m */; };
		50A1524F18CF5F8E00AB2D9F /* JIPEvent+Create.m in Sources */ = {isa = PBXBuildFile; fileRef = 50A1524E18CF5F8E00AB2D9F /* JIPEvent+Create.m */; };
		50A1525218CF66DE00AB2D9F /* JIPArtist+Create.m in Sources */ = {isa = PBXBuildFile; fileRef = 50A1525118CF66DE00AB2D9F /* JIPArtist+Create.m */; };
		50A52FA4189ED5D9001D9779 /* Foundation.framework in Frameworks */ = {isa = PBXBuildFile; fileRef = 50A52FA3189ED5D9001D9779 /* Foundation.framework */; };
		50A52FA6189ED5D9001D9779 /* CoreGraphics.framework in Frameworks */ = {isa = PBXBuildFile; fileRef = 50A52FA5189ED5D9001D9779 /* CoreGraphics.framework */; };
		50A52FA8189ED5D9001D9779 /* UIKit.framework in Frameworks */ = {isa = PBXBuildFile; fileRef = 50A52FA7189ED5D9001D9779 /* UIKit.framework */; };
		50A52FAE189ED5D9001D9779 /* InfoPlist.strings in Resources */ = {isa = PBXBuildFile; fileRef = 50A52FAC189ED5D9001D9779 /* InfoPlist.strings */; };
		50A52FB0189ED5D9001D9779 /* main.m in Sources */ = {isa = PBXBuildFile; fileRef = 50A52FAF189ED5D9001D9779 /* main.m */; };
		50A52FB4189ED5D9001D9779 /* JIPAppDelegate.m in Sources */ = {isa = PBXBuildFile; fileRef = 50A52FB3189ED5D9001D9779 /* JIPAppDelegate.m */; };
		50A52FB6189ED5D9001D9779 /* Images.xcassets in Resources */ = {isa = PBXBuildFile; fileRef = 50A52FB5189ED5D9001D9779 /* Images.xcassets */; };
		50A52FBD189ED5D9001D9779 /* XCTest.framework in Frameworks */ = {isa = PBXBuildFile; fileRef = 50A52FBC189ED5D9001D9779 /* XCTest.framework */; };
		50A52FBE189ED5D9001D9779 /* Foundation.framework in Frameworks */ = {isa = PBXBuildFile; fileRef = 50A52FA3189ED5D9001D9779 /* Foundation.framework */; };
		50A52FBF189ED5D9001D9779 /* UIKit.framework in Frameworks */ = {isa = PBXBuildFile; fileRef = 50A52FA7189ED5D9001D9779 /* UIKit.framework */; };
		50A52FC7189ED5D9001D9779 /* InfoPlist.strings in Resources */ = {isa = PBXBuildFile; fileRef = 50A52FC5189ED5D9001D9779 /* InfoPlist.strings */; };
		50A52FC9189ED5D9001D9779 /* JazzInParisTests.m in Sources */ = {isa = PBXBuildFile; fileRef = 50A52FC8189ED5D9001D9779 /* JazzInParisTests.m */; };
		50A52FD4189ED91C001D9779 /* JIPUpComingEventsViewController.m in Sources */ = {isa = PBXBuildFile; fileRef = 50A52FD3189ED91C001D9779 /* JIPUpComingEventsViewController.m */; };
		50AEB97F18EEDB920055FE07 /* Iphone4.storyboard in Resources */ = {isa = PBXBuildFile; fileRef = 50AEB97E18EEDB920055FE07 /* Iphone4.storyboard */; };
		50AEB98218EEDFC00055FE07 /* JIPSearchArtistTableViewController.m in Sources */ = {isa = PBXBuildFile; fileRef = 50AEB98118EEDFC00055FE07 /* JIPSearchArtistTableViewController.m */; };
		50D334DA18B6573F00E21622 /* JIPExtendNSLogFunctionality.m in Sources */ = {isa = PBXBuildFile; fileRef = 50D334D918B6573F00E21622 /* JIPExtendNSLogFunctionality.m */; };
		50D4BB3118B49D0700E7CF12 /* Model.xcdatamodeld in Sources */ = {isa = PBXBuildFile; fileRef = 50D4BB2F18B49D0700E7CF12 /* Model.xcdatamodeld */; };
		50DAA79118AB8E52003DDADA /* NSDate+Formatting.m in Sources */ = {isa = PBXBuildFile; fileRef = 50DAA79018AB8E52003DDADA /* NSDate+Formatting.m */; };
		50E7988F18F57A87002B8D3E /* JIPVenueMapVC.m in Sources */ = {isa = PBXBuildFile; fileRef = 50E7988E18F57A87002B8D3E /* JIPVenueMapVC.m */; };
		50FA943918F30CB7008A761D /* JIPFavoriteArtistsTableViewController.m in Sources */ = {isa = PBXBuildFile; fileRef = 50FA943818F30CB7008A761D /* JIPFavoriteArtistsTableViewController.m */; };
		50FB3190189EE02800137949 /* JIPEvent.m in Sources */ = {isa = PBXBuildFile; fileRef = 50FB318F189EE02800137949 /* JIPEvent.m */; };
		50FB3194189EE27D00137949 /* MapKit.framework in Frameworks */ = {isa = PBXBuildFile; fileRef = 50FB3193189EE27D00137949 /* MapKit.framework */; };
		50FB3196189EE4DE00137949 /* CoreLocation.framework in Frameworks */ = {isa = PBXBuildFile; fileRef = 50FB3195189EE4DE00137949 /* CoreLocation.framework */; };
		50FCB09518CE0C0100AD4402 /* JIPVenue+Create.m in Sources */ = {isa = PBXBuildFile; fileRef = 50FCB09418CE0C0100AD4402 /* JIPVenue+Create.m */; };
		50FCB09818CE12B500AD4402 /* JIPCoreDataTableViewController.m in Sources */ = {isa = PBXBuildFile; fileRef = 50FCB09718CE12B500AD4402 /* JIPCoreDataTableViewController.m */; };
		50FCB09A18CE130D00AD4402 /* CoreData.framework in Frameworks */ = {isa = PBXBuildFile; fileRef = 50FCB09918CE130C00AD4402 /* CoreData.framework */; };
		50FCB09D18CE140800AD4402 /* JIPUpcomingEventsCDTVC.m in Sources */ = {isa = PBXBuildFile; fileRef = 50FCB09C18CE140800AD4402 /* JIPUpcomingEventsCDTVC.m */; };
		DB1FE86518EEED110032A1F9 /* ECSlidingViewController.m in Sources */ = {isa = PBXBuildFile; fileRef = DB1FE86218EEED110032A1F9 /* ECSlidingViewController.m */; };
		DB1FE86618EEED110032A1F9 /* InitialSlidingViewController.m in Sources */ = {isa = PBXBuildFile; fileRef = DB1FE86418EEED110032A1F9 /* InitialSlidingViewController.m */; };
		DB1FE86918EEEE7F0032A1F9 /* SideMenuViewController.m in Sources */ = {isa = PBXBuildFile; fileRef = DB1FE86818EEEE7F0032A1F9 /* SideMenuViewController.m */; };
/* End PBXBuildFile section */

/* Begin PBXContainerItemProxy section */
		50A52FC0189ED5D9001D9779 /* PBXContainerItemProxy */ = {
			isa = PBXContainerItemProxy;
			containerPortal = 50A52F98189ED5D9001D9779 /* Project object */;
			proxyType = 1;
			remoteGlobalIDString = 50A52F9F189ED5D9001D9779;
			remoteInfo = JazzInParis;
		};
/* End PBXContainerItemProxy section */

/* Begin PBXFileReference section */
		5008E04518DC992F00530542 /* JIPSearchArtistsViewController.h */ = {isa = PBXFileReference; fileEncoding = 4; lastKnownFileType = sourcecode.c.h; name = JIPSearchArtistsViewController.h; path = ../JIPSearchArtistsViewController.h; sourceTree = "<group>"; };
		5008E04618DC992F00530542 /* JIPSearchArtistsViewController.m */ = {isa = PBXFileReference; fileEncoding = 4; lastKnownFileType = sourcecode.c.objc; name = JIPSearchArtistsViewController.m; path = ../JIPSearchArtistsViewController.m; sourceTree = "<group>"; };
		5012E5DE19045A66002EA140 /* JIPJazzClubsMapVC.h */ = {isa = PBXFileReference; fileEncoding = 4; lastKnownFileType = sourcecode.c.h; path = JIPJazzClubsMapVC.h; sourceTree = "<group>"; };
		5012E5DF19045A66002EA140 /* JIPJazzClubsMapVC.m */ = {isa = PBXFileReference; fileEncoding = 4; lastKnownFileType = sourcecode.c.objc; path = JIPJazzClubsMapVC.m; sourceTree = "<group>"; };
		50149F9F190586F20037E9A7 /* UIImage+Resize.h */ = {isa = PBXFileReference; fileEncoding = 4; lastKnownFileType = sourcecode.c.h; name = "UIImage+Resize.h"; path = "../UIImage+Resize.h"; sourceTree = "<group>"; };
		50149FA0190586F20037E9A7 /* UIImage+Resize.m */ = {isa = PBXFileReference; fileEncoding = 4; lastKnownFileType = sourcecode.c.objc; name = "UIImage+Resize.m"; path = "../UIImage+Resize.m"; sourceTree = "<group>"; };
		5015AAAC18A159ED000A7625 /* JIPConcertDetailsViewController.h */ = {isa = PBXFileReference; fileEncoding = 4; lastKnownFileType = sourcecode.c.h; path = JIPConcertDetailsViewController.h; sourceTree = "<group>"; };
		5015AAAD18A159ED000A7625 /* JIPConcertDetailsViewController.m */ = {isa = PBXFileReference; fileEncoding = 4; lastKnownFileType = sourcecode.c.objc; path = JIPConcertDetailsViewController.m; sourceTree = "<group>"; };
		501FB95F18D1BFCE00845256 /* JIPManagedDocument.h */ = {isa = PBXFileReference; fileEncoding = 4; lastKnownFileType = sourcecode.c.h; path = JIPManagedDocument.h; sourceTree = "<group>"; };
		501FB96018D1BFCE00845256 /* JIPManagedDocument.m */ = {isa = PBXFileReference; fileEncoding = 4; lastKnownFileType = sourcecode.c.objc; path = JIPManagedDocument.m; sourceTree = "<group>"; };
		5029343018FD5B29009A4F2F /* AFHTTPRequestOperation.h */ = {isa = PBXFileReference; fileEncoding = 4; lastKnownFileType = sourcecode.c.h; path = AFHTTPRequestOperation.h; sourceTree = "<group>"; };
		5029343118FD5B29009A4F2F /* AFHTTPRequestOperation.m */ = {isa = PBXFileReference; fileEncoding = 4; lastKnownFileType = sourcecode.c.objc; path = AFHTTPRequestOperation.m; sourceTree = "<group>"; };
		5029343218FD5B29009A4F2F /* AFHTTPRequestOperationManager.h */ = {isa = PBXFileReference; fileEncoding = 4; lastKnownFileType = sourcecode.c.h; path = AFHTTPRequestOperationManager.h; sourceTree = "<group>"; };
		5029343318FD5B29009A4F2F /* AFHTTPRequestOperationManager.m */ = {isa = PBXFileReference; fileEncoding = 4; lastKnownFileType = sourcecode.c.objc; path = AFHTTPRequestOperationManager.m; sourceTree = "<group>"; };
		5029343418FD5B29009A4F2F /* AFHTTPSessionManager.h */ = {isa = PBXFileReference; fileEncoding = 4; lastKnownFileType = sourcecode.c.h; path = AFHTTPSessionManager.h; sourceTree = "<group>"; };
		5029343518FD5B29009A4F2F /* AFHTTPSessionManager.m */ = {isa = PBXFileReference; fileEncoding = 4; lastKnownFileType = sourcecode.c.objc; path = AFHTTPSessionManager.m; sourceTree = "<group>"; };
		5029343618FD5B29009A4F2F /* AFNetworking.h */ = {isa = PBXFileReference; fileEncoding = 4; lastKnownFileType = sourcecode.c.h; path = AFNetworking.h; sourceTree = "<group>"; };
		5029343718FD5B29009A4F2F /* AFNetworkReachabilityManager.h */ = {isa = PBXFileReference; fileEncoding = 4; lastKnownFileType = sourcecode.c.h; path = AFNetworkReachabilityManager.h; sourceTree = "<group>"; };
		5029343818FD5B29009A4F2F /* AFNetworkReachabilityManager.m */ = {isa = PBXFileReference; fileEncoding = 4; lastKnownFileType = sourcecode.c.objc; path = AFNetworkReachabilityManager.m; sourceTree = "<group>"; };
		5029343918FD5B29009A4F2F /* AFSecurityPolicy.h */ = {isa = PBXFileReference; fileEncoding = 4; lastKnownFileType = sourcecode.c.h; path = AFSecurityPolicy.h; sourceTree = "<group>"; };
		5029343A18FD5B29009A4F2F /* AFSecurityPolicy.m */ = {isa = PBXFileReference; fileEncoding = 4; lastKnownFileType = sourcecode.c.objc; path = AFSecurityPolicy.m; sourceTree = "<group>"; };
		5029343B18FD5B29009A4F2F /* AFURLConnectionOperation.h */ = {isa = PBXFileReference; fileEncoding = 4; lastKnownFileType = sourcecode.c.h; path = AFURLConnectionOperation.h; sourceTree = "<group>"; };
		5029343C18FD5B29009A4F2F /* AFURLConnectionOperation.m */ = {isa = PBXFileReference; fileEncoding = 4; lastKnownFileType = sourcecode.c.objc; path = AFURLConnectionOperation.m; sourceTree = "<group>"; };
		5029343D18FD5B29009A4F2F /* AFURLRequestSerialization.h */ = {isa = PBXFileReference; fileEncoding = 4; lastKnownFileType = sourcecode.c.h; path = AFURLRequestSerialization.h; sourceTree = "<group>"; };
		5029343E18FD5B29009A4F2F /* AFURLRequestSerialization.m */ = {isa = PBXFileReference; fileEncoding = 4; lastKnownFileType = sourcecode.c.objc; path = AFURLRequestSerialization.m; sourceTree = "<group>"; };
		5029343F18FD5B29009A4F2F /* AFURLResponseSerialization.h */ = {isa = PBXFileReference; fileEncoding = 4; lastKnownFileType = sourcecode.c.h; path = AFURLResponseSerialization.h; sourceTree = "<group>"; };
		5029344018FD5B29009A4F2F /* AFURLResponseSerialization.m */ = {isa = PBXFileReference; fileEncoding = 4; lastKnownFileType = sourcecode.c.objc; path = AFURLResponseSerialization.m; sourceTree = "<group>"; };
		5029344118FD5B29009A4F2F /* AFURLSessionManager.h */ = {isa = PBXFileReference; fileEncoding = 4; lastKnownFileType = sourcecode.c.h; path = AFURLSessionManager.h; sourceTree = "<group>"; };
		5029344218FD5B29009A4F2F /* AFURLSessionManager.m */ = {isa = PBXFileReference; fileEncoding = 4; lastKnownFileType = sourcecode.c.objc; path = AFURLSessionManager.m; sourceTree = "<group>"; };
		5029344418FD5B29009A4F2F /* AFNetworkActivityIndicatorManager.h */ = {isa = PBXFileReference; fileEncoding = 4; lastKnownFileType = sourcecode.c.h; path = AFNetworkActivityIndicatorManager.h; sourceTree = "<group>"; };
		5029344518FD5B29009A4F2F /* AFNetworkActivityIndicatorManager.m */ = {isa = PBXFileReference; fileEncoding = 4; lastKnownFileType = sourcecode.c.objc; path = AFNetworkActivityIndicatorManager.m; sourceTree = "<group>"; };
		5029344618FD5B29009A4F2F /* UIActivityIndicatorView+AFNetworking.h */ = {isa = PBXFileReference; fileEncoding = 4; lastKnownFileType = sourcecode.c.h; path = "UIActivityIndicatorView+AFNetworking.h"; sourceTree = "<group>"; };
		5029344718FD5B29009A4F2F /* UIActivityIndicatorView+AFNetworking.m */ = {isa = PBXFileReference; fileEncoding = 4; lastKnownFileType = sourcecode.c.objc; path = "UIActivityIndicatorView+AFNetworking.m"; sourceTree = "<group>"; };
		5029344818FD5B29009A4F2F /* UIAlertView+AFNetworking.h */ = {isa = PBXFileReference; fileEncoding = 4; lastKnownFileType = sourcecode.c.h; path = "UIAlertView+AFNetworking.h"; sourceTree = "<group>"; };
		5029344918FD5B29009A4F2F /* UIAlertView+AFNetworking.m */ = {isa = PBXFileReference; fileEncoding = 4; lastKnownFileType = sourcecode.c.objc; path = "UIAlertView+AFNetworking.m"; sourceTree = "<group>"; };
		5029344A18FD5B29009A4F2F /* UIButton+AFNetworking.h */ = {isa = PBXFileReference; fileEncoding = 4; lastKnownFileType = sourcecode.c.h; path = "UIButton+AFNetworking.h"; sourceTree = "<group>"; };
		5029344B18FD5B29009A4F2F /* UIButton+AFNetworking.m */ = {isa = PBXFileReference; fileEncoding = 4; lastKnownFileType = sourcecode.c.objc; path = "UIButton+AFNetworking.m"; sourceTree = "<group>"; };
		5029344C18FD5B29009A4F2F /* UIImageView+AFNetworking.h */ = {isa = PBXFileReference; fileEncoding = 4; lastKnownFileType = sourcecode.c.h; path = "UIImageView+AFNetworking.h"; sourceTree = "<group>"; };
		5029344D18FD5B29009A4F2F /* UIImageView+AFNetworking.m */ = {isa = PBXFileReference; fileEncoding = 4; lastKnownFileType = sourcecode.c.objc; path = "UIImageView+AFNetworking.m"; sourceTree = "<group>"; };
		5029344E18FD5B29009A4F2F /* UIKit+AFNetworking.h */ = {isa = PBXFileReference; fileEncoding = 4; lastKnownFileType = sourcecode.c.h; path = "UIKit+AFNetworking.h"; sourceTree = "<group>"; };
		5029344F18FD5B29009A4F2F /* UIProgressView+AFNetworking.h */ = {isa = PBXFileReference; fileEncoding = 4; lastKnownFileType = sourcecode.c.h; path = "UIProgressView+AFNetworking.h"; sourceTree = "<group>"; };
		5029345018FD5B29009A4F2F /* UIProgressView+AFNetworking.m */ = {isa = PBXFileReference; fileEncoding = 4; lastKnownFileType = sourcecode.c.objc; path = "UIProgressView+AFNetworking.m"; sourceTree = "<group>"; };
		5029345118FD5B2A009A4F2F /* UIRefreshControl+AFNetworking.h */ = {isa = PBXFileReference; fileEncoding = 4; lastKnownFileType = sourcecode.c.h; path = "UIRefreshControl+AFNetworking.h"; sourceTree = "<group>"; };
		5029345218FD5B2A009A4F2F /* UIRefreshControl+AFNetworking.m */ = {isa = PBXFileReference; fileEncoding = 4; lastKnownFileType = sourcecode.c.objc; path = "UIRefreshControl+AFNetworking.m"; sourceTree = "<group>"; };
		5029345318FD5B2A009A4F2F /* UIWebView+AFNetworking.h */ = {isa = PBXFileReference; fileEncoding = 4; lastKnownFileType = sourcecode.c.h; path = "UIWebView+AFNetworking.h"; sourceTree = "<group>"; };
		5029345418FD5B2A009A4F2F /* UIWebView+AFNetworking.m */ = {isa = PBXFileReference; fileEncoding = 4; lastKnownFileType = sourcecode.c.objc; path = "UIWebView+AFNetworking.m"; sourceTree = "<group>"; };
		5029346618FD5BE4009A4F2F /* WikipediaHelper.h */ = {isa = PBXFileReference; fileEncoding = 4; lastKnownFileType = sourcecode.c.h; path = WikipediaHelper.h; sourceTree = "<group>"; };
		5029346718FD5BE4009A4F2F /* WikipediaHelper.m */ = {isa = PBXFileReference; fileEncoding = 4; lastKnownFileType = sourcecode.c.objc; path = WikipediaHelper.m; sourceTree = "<group>"; };
		5029346A18FD6416009A4F2F /* JIPPageContentVC.h */ = {isa = PBXFileReference; fileEncoding = 4; lastKnownFileType = sourcecode.c.h; name = JIPPageContentVC.h; path = ../JIPPageContentVC.h; sourceTree = "<group>"; };
		5029346B18FD6416009A4F2F /* JIPPageContentVC.m */ = {isa = PBXFileReference; fileEncoding = 4; lastKnownFileType = sourcecode.c.objc; name = JIPPageContentVC.m; path = ../JIPPageContentVC.m; sourceTree = "<group>"; };
		5029346D18FD6575009A4F2F /* JIPManagingPageContent.h */ = {isa = PBXFileReference; fileEncoding = 4; lastKnownFileType = sourcecode.c.h; name = JIPManagingPageContent.h; path = ../JIPManagingPageContent.h; sourceTree = "<group>"; };
		5029346E18FD6575009A4F2F /* JIPManagingPageContent.m */ = {isa = PBXFileReference; fileEncoding = 4; lastKnownFileType = sourcecode.c.objc; name = JIPManagingPageContent.m; path = ../JIPManagingPageContent.m; sourceTree = "<group>"; };
		5029347018FD79AB009A4F2F /* JIPInitialVC.h */ = {isa = PBXFileReference; fileEncoding = 4; lastKnownFileType = sourcecode.c.h; name = JIPInitialVC.h; path = ../JIPInitialVC.h; sourceTree = "<group>"; };
		5029347118FD79AB009A4F2F /* JIPInitialVC.m */ = {isa = PBXFileReference; fileEncoding = 4; lastKnownFileType = sourcecode.c.objc; name = JIPInitialVC.m; path = ../JIPInitialVC.m; sourceTree = "<group>"; };
		502A222618F97ABB00CB7926 /* JIPSearchArtistNameCell.h */ = {isa = PBXFileReference; fileEncoding = 4; lastKnownFileType = sourcecode.c.h; name = JIPSearchArtistNameCell.h; path = ../JIPSearchArtistNameCell.h; sourceTree = "<group>"; };
		502A222718F97ABB00CB7926 /* JIPSearchArtistNameCell.m */ = {isa = PBXFileReference; fileEncoding = 4; lastKnownFileType = sourcecode.c.objc; name = JIPSearchArtistNameCell.m; path = ../JIPSearchArtistNameCell.m; sourceTree = "<group>"; };
		502A222918F9815C00CB7926 /* JIPArtistDetailsTVC.h */ = {isa = PBXFileReference; fileEncoding = 4; lastKnownFileType = sourcecode.c.h; name = JIPArtistDetailsTVC.h; path = ../JIPArtistDetailsTVC.h; sourceTree = "<group>"; };
		502A222A18F9815C00CB7926 /* JIPArtistDetailsTVC.m */ = {isa = PBXFileReference; fileEncoding = 4; lastKnownFileType = sourcecode.c.objc; name = JIPArtistDetailsTVC.m; path = ../JIPArtistDetailsTVC.m; sourceTree = "<group>"; };
		503C453719081C220058E659 /* DtfmIosIcon80x80.png */ = {isa = PBXFileReference; lastKnownFileType = image.png; path = DtfmIosIcon80x80.png; sourceTree = "<group>"; };
		503C453819081CB40058E659 /* DtfmIosIcon58x58.png */ = {isa = PBXFileReference; lastKnownFileType = image.png; path = DtfmIosIcon58x58.png; sourceTree = "<group>"; };
		503C453919081CF70058E659 /* 120x120.png */ = {isa = PBXFileReference; lastKnownFileType = image.png; path = 120x120.png; sourceTree = "<group>"; };
		503C453A190820FD0058E659 /* milesjeanne 640x960.png */ = {isa = PBXFileReference; lastKnownFileType = image.png; path = "milesjeanne 640x960.png"; sourceTree = "<group>"; };
		503C453B190821610058E659 /* milesjeanne 640x1136.png */ = {isa = PBXFileReference; lastKnownFileType = image.png; path = "milesjeanne 640x1136.png"; sourceTree = "<group>"; };
		503CE20C19091E9800EB2F4C /* Default-568h@2x.png */ = {isa = PBXFileReference; lastKnownFileType = image.png; path = "Default-568h@2x.png"; sourceTree = "<group>"; };
		5040392A18F5649200AE815A /* JIPUpcomingEventCell.h */ = {isa = PBXFileReference; fileEncoding = 4; lastKnownFileType = sourcecode.c.h; path = JIPUpcomingEventCell.h; sourceTree = "<group>"; };
		5040392B18F5649200AE815A /* JIPUpcomingEventCell.m */ = {isa = PBXFileReference; fileEncoding = 4; lastKnownFileType = sourcecode.c.objc; path = JIPUpcomingEventCell.m; sourceTree = "<group>"; };
		5051B4F318D9A6D600BBE2DB /* JIPUpdateManager.h */ = {isa = PBXFileReference; fileEncoding = 4; lastKnownFileType = sourcecode.c.h; path = JIPUpdateManager.h; sourceTree = "<group>"; };
		5051B4F418D9A6D600BBE2DB /* JIPUpdateManager.m */ = {isa = PBXFileReference; fileEncoding = 4; lastKnownFileType = sourcecode.c.objc; path = JIPUpdateManager.m; sourceTree = "<group>"; };
		5069740D18F1811800A4E23C /* JIPArtistNameCell.h */ = {isa = PBXFileReference; fileEncoding = 4; lastKnownFileType = sourcecode.c.h; path = JIPArtistNameCell.h; sourceTree = "<group>"; };
		5069740E18F1811800A4E23C /* JIPArtistNameCell.m */ = {isa = PBXFileReference; fileEncoding = 4; lastKnownFileType = sourcecode.c.objc; path = JIPArtistNameCell.m; sourceTree = "<group>"; };
		5069741318F1828300A4E23C /* JIPYouTubeVideoCell.h */ = {isa = PBXFileReference; fileEncoding = 4; lastKnownFileType = sourcecode.c.h; path = JIPYouTubeVideoCell.h; sourceTree = "<group>"; };
		5069741418F1828300A4E23C /* JIPYouTubeVideoCell.m */ = {isa = PBXFileReference; fileEncoding = 4; lastKnownFileType = sourcecode.c.objc; path = JIPYouTubeVideoCell.m; sourceTree = "<group>"; };
		5074704018FBFE470040C7FC /* JIPDesign.h */ = {isa = PBXFileReference; fileEncoding = 4; lastKnownFileType = sourcecode.c.h; path = JIPDesign.h; sourceTree = "<group>"; };
		5074704118FBFE470040C7FC /* JIPDesign.m */ = {isa = PBXFileReference; fileEncoding = 4; lastKnownFileType = sourcecode.c.objc; path = JIPDesign.m; sourceTree = "<group>"; };
		5074704618FC06B10040C7FC /* JIPEventDetailsTVC.h */ = {isa = PBXFileReference; fileEncoding = 4; lastKnownFileType = sourcecode.c.h; name = JIPEventDetailsTVC.h; path = ../JIPEventDetailsTVC.h; sourceTree = "<group>"; };
		5074704718FC06B10040C7FC /* JIPEventDetailsTVC.m */ = {isa = PBXFileReference; fileEncoding = 4; lastKnownFileType = sourcecode.c.objc; name = JIPEventDetailsTVC.m; path = ../JIPEventDetailsTVC.m; sourceTree = "<group>"; };
		508598D218AA46330048D760 /* JIPVenue.h */ = {isa = PBXFileReference; fileEncoding = 4; lastKnownFileType = sourcecode.c.h; path = JIPVenue.h; sourceTree = "<group>"; };
		508598D318AA46330048D760 /* JIPVenue.m */ = {isa = PBXFileReference; fileEncoding = 4; lastKnownFileType = sourcecode.c.objc; path = JIPVenue.m; sourceTree = "<group>"; };
		508598D518AA551C0048D760 /* JIPVenueDetailsViewController.h */ = {isa = PBXFileReference; fileEncoding = 4; lastKnownFileType = sourcecode.c.h; path = JIPVenueDetailsViewController.h; sourceTree = "<group>"; };
		508598D618AA551C0048D760 /* JIPVenueDetailsViewController.m */ = {isa = PBXFileReference; fileEncoding = 4; lastKnownFileType = sourcecode.c.objc; path = JIPVenueDetailsViewController.m; sourceTree = "<group>"; };
		508598D818AA74BF0048D760 /* JIPArtist.h */ = {isa = PBXFileReference; fileEncoding = 4; lastKnownFileType = sourcecode.c.h; path = JIPArtist.h; sourceTree = "<group>"; };
		508598D918AA74BF0048D760 /* JIPArtist.m */ = {isa = PBXFileReference; fileEncoding = 4; lastKnownFileType = sourcecode.c.objc; path = JIPArtist.m; sourceTree = "<group>"; };
		508598DB18AA83AB0048D760 /* JIPArtistDetailsViewController.h */ = {isa = PBXFileReference; fileEncoding = 4; lastKnownFileType = sourcecode.c.h; path = JIPArtistDetailsViewController.h; sourceTree = "<group>"; };
		508598DC18AA83AB0048D760 /* JIPArtistDetailsViewController.m */ = {isa = PBXFileReference; fileEncoding = 4; lastKnownFileType = sourcecode.c.objc; path = JIPArtistDetailsViewController.m; sourceTree = "<group>"; };
		508FF5DF18E5ED3500B53743 /* JIPFavoriteArtistTableViewController.h */ = {isa = PBXFileReference; fileEncoding = 4; lastKnownFileType = sourcecode.c.h; path = JIPFavoriteArtistTableViewController.h; sourceTree = "<group>"; };
		508FF5E018E5ED3500B53743 /* JIPFavoriteArtistTableViewController.m */ = {isa = PBXFileReference; fileEncoding = 4; lastKnownFileType = sourcecode.c.objc; path = JIPFavoriteArtistTableViewController.m; sourceTree = "<group>"; };
		50916EE618F8195E006D5C26 /* CoreText.framework */ = {isa = PBXFileReference; lastKnownFileType = wrapper.framework; name = CoreText.framework; path = System/Library/Frameworks/CoreText.framework; sourceTree = SDKROOT; };
		50916EE818F8196D006D5C26 /* QuartzCore.framework */ = {isa = PBXFileReference; lastKnownFileType = wrapper.framework; name = QuartzCore.framework; path = System/Library/Frameworks/QuartzCore.framework; sourceTree = SDKROOT; };
		50916EED18F81AC1006D5C26 /* JSONModel.h */ = {isa = PBXFileReference; fileEncoding = 4; lastKnownFileType = sourcecode.c.h; path = JSONModel.h; sourceTree = "<group>"; };
		50916EEE18F81AC1006D5C26 /* JSONModel.m */ = {isa = PBXFileReference; fileEncoding = 4; lastKnownFileType = sourcecode.c.objc; path = JSONModel.m; sourceTree = "<group>"; };
		50916EEF18F81AC1006D5C26 /* JSONModelArray.h */ = {isa = PBXFileReference; fileEncoding = 4; lastKnownFileType = sourcecode.c.h; path = JSONModelArray.h; sourceTree = "<group>"; };
		50916EF018F81AC1006D5C26 /* JSONModelArray.m */ = {isa = PBXFileReference; fileEncoding = 4; lastKnownFileType = sourcecode.c.objc; path = JSONModelArray.m; sourceTree = "<group>"; };
		50916EF118F81AC1006D5C26 /* JSONModelClassProperty.h */ = {isa = PBXFileReference; fileEncoding = 4; lastKnownFileType = sourcecode.c.h; path = JSONModelClassProperty.h; sourceTree = "<group>"; };
		50916EF218F81AC1006D5C26 /* JSONModelClassProperty.m */ = {isa = PBXFileReference; fileEncoding = 4; lastKnownFileType = sourcecode.c.objc; path = JSONModelClassProperty.m; sourceTree = "<group>"; };
		50916EF318F81AC1006D5C26 /* JSONModelError.h */ = {isa = PBXFileReference; fileEncoding = 4; lastKnownFileType = sourcecode.c.h; path = JSONModelError.h; sourceTree = "<group>"; };
		50916EF418F81AC1006D5C26 /* JSONModelError.m */ = {isa = PBXFileReference; fileEncoding = 4; lastKnownFileType = sourcecode.c.objc; path = JSONModelError.m; sourceTree = "<group>"; };
		50916EF618F81AC1006D5C26 /* NSArray+JSONModel.h */ = {isa = PBXFileReference; fileEncoding = 4; lastKnownFileType = sourcecode.c.h; path = "NSArray+JSONModel.h"; sourceTree = "<group>"; };
		50916EF718F81AC1006D5C26 /* NSArray+JSONModel.m */ = {isa = PBXFileReference; fileEncoding = 4; lastKnownFileType = sourcecode.c.objc; path = "NSArray+JSONModel.m"; sourceTree = "<group>"; };
		50916EF818F81AC1006D5C26 /* JSONModelLib.h */ = {isa = PBXFileReference; fileEncoding = 4; lastKnownFileType = sourcecode.c.h; path = JSONModelLib.h; sourceTree = "<group>"; };
		50916EFA18F81AC1006D5C26 /* JSONAPI.h */ = {isa = PBXFileReference; fileEncoding = 4; lastKnownFileType = sourcecode.c.h; path = JSONAPI.h; sourceTree = "<group>"; };
		50916EFB18F81AC1006D5C26 /* JSONAPI.m */ = {isa = PBXFileReference; fileEncoding = 4; lastKnownFileType = sourcecode.c.objc; path = JSONAPI.m; sourceTree = "<group>"; };
		50916EFC18F81AC1006D5C26 /* JSONHTTPClient.h */ = {isa = PBXFileReference; fileEncoding = 4; lastKnownFileType = sourcecode.c.h; path = JSONHTTPClient.h; sourceTree = "<group>"; };
		50916EFD18F81AC1006D5C26 /* JSONHTTPClient.m */ = {isa = PBXFileReference; fileEncoding = 4; lastKnownFileType = sourcecode.c.objc; path = JSONHTTPClient.m; sourceTree = "<group>"; };
		50916EFE18F81AC1006D5C26 /* JSONModel+networking.h */ = {isa = PBXFileReference; fileEncoding = 4; lastKnownFileType = sourcecode.c.h; path = "JSONModel+networking.h"; sourceTree = "<group>"; };
		50916EFF18F81AC1006D5C26 /* JSONModel+networking.m */ = {isa = PBXFileReference; fileEncoding = 4; lastKnownFileType = sourcecode.c.objc; path = "JSONModel+networking.m"; sourceTree = "<group>"; };
		50916F0118F81AC1006D5C26 /* JSONKeyMapper.h */ = {isa = PBXFileReference; fileEncoding = 4; lastKnownFileType = sourcecode.c.h; path = JSONKeyMapper.h; sourceTree = "<group>"; };
		50916F0218F81AC1006D5C26 /* JSONKeyMapper.m */ = {isa = PBXFileReference; fileEncoding = 4; lastKnownFileType = sourcecode.c.objc; path = JSONKeyMapper.m; sourceTree = "<group>"; };
		50916F0318F81AC1006D5C26 /* JSONValueTransformer.h */ = {isa = PBXFileReference; fileEncoding = 4; lastKnownFileType = sourcecode.c.h; path = JSONValueTransformer.h; sourceTree = "<group>"; };
		50916F0418F81AC1006D5C26 /* JSONValueTransformer.m */ = {isa = PBXFileReference; fileEncoding = 4; lastKnownFileType = sourcecode.c.objc; path = JSONValueTransformer.m; sourceTree = "<group>"; };
		50916F0518F81AC1006D5C26 /* MediaThumbnail.h */ = {isa = PBXFileReference; fileEncoding = 4; lastKnownFileType = sourcecode.c.h; path = MediaThumbnail.h; sourceTree = "<group>"; };
		50916F0618F81AC1006D5C26 /* MediaThumbnail.m */ = {isa = PBXFileReference; fileEncoding = 4; lastKnownFileType = sourcecode.c.objc; path = MediaThumbnail.m; sourceTree = "<group>"; };
		50916F0918F81AC1006D5C26 /* NSAttributedString+MGTrim.h */ = {isa = PBXFileReference; fileEncoding = 4; lastKnownFileType = sourcecode.c.h; path = "NSAttributedString+MGTrim.h"; sourceTree = "<group>"; };
		50916F0A18F81AC1006D5C26 /* NSAttributedString+MGTrim.m */ = {isa = PBXFileReference; fileEncoding = 4; lastKnownFileType = sourcecode.c.objc; path = "NSAttributedString+MGTrim.m"; sourceTree = "<group>"; };
		50916F0B18F81AC1006D5C26 /* NSObject+MGEvents.h */ = {isa = PBXFileReference; fileEncoding = 4; lastKnownFileType = sourcecode.c.h; path = "NSObject+MGEvents.h"; sourceTree = "<group>"; };
		50916F0C18F81AC1006D5C26 /* NSObject+MGEvents.m */ = {isa = PBXFileReference; fileEncoding = 4; lastKnownFileType = sourcecode.c.objc; path = "NSObject+MGEvents.m"; sourceTree = "<group>"; };
		50916F0D18F81AC1006D5C26 /* UIColor+MGExpanded.h */ = {isa = PBXFileReference; fileEncoding = 4; lastKnownFileType = sourcecode.c.h; path = "UIColor+MGExpanded.h"; sourceTree = "<group>"; };
		50916F0E18F81AC1006D5C26 /* UIColor+MGExpanded.m */ = {isa = PBXFileReference; fileEncoding = 4; lastKnownFileType = sourcecode.c.objc; path = "UIColor+MGExpanded.m"; sourceTree = "<group>"; };
		50916F0F18F81AC1006D5C26 /* UIControl+MGEvents.h */ = {isa = PBXFileReference; fileEncoding = 4; lastKnownFileType = sourcecode.c.h; path = "UIControl+MGEvents.h"; sourceTree = "<group>"; };
		50916F1018F81AC1006D5C26 /* UIControl+MGEvents.m */ = {isa = PBXFileReference; fileEncoding = 4; lastKnownFileType = sourcecode.c.objc; path = "UIControl+MGEvents.m"; sourceTree = "<group>"; };
		50916F1118F81AC1006D5C26 /* UIResponder+FirstResponder.h */ = {isa = PBXFileReference; fileEncoding = 4; lastKnownFileType = sourcecode.c.h; path = "UIResponder+FirstResponder.h"; sourceTree = "<group>"; };
		50916F1218F81AC1006D5C26 /* UIResponder+FirstResponder.m */ = {isa = PBXFileReference; fileEncoding = 4; lastKnownFileType = sourcecode.c.objc; path = "UIResponder+FirstResponder.m"; sourceTree = "<group>"; };
		50916F1318F81AC1006D5C26 /* UIView+MGEasyFrame.h */ = {isa = PBXFileReference; fileEncoding = 4; lastKnownFileType = sourcecode.c.h; path = "UIView+MGEasyFrame.h"; sourceTree = "<group>"; };
		50916F1418F81AC1006D5C26 /* UIView+MGEasyFrame.m */ = {isa = PBXFileReference; fileEncoding = 4; lastKnownFileType = sourcecode.c.objc; path = "UIView+MGEasyFrame.m"; sourceTree = "<group>"; };
		50916F1518F81AC1006D5C26 /* MGBase.h */ = {isa = PBXFileReference; fileEncoding = 4; lastKnownFileType = sourcecode.c.h; path = MGBase.h; sourceTree = "<group>"; };
		50916F1618F81AC1006D5C26 /* MGBlockWrapper.h */ = {isa = PBXFileReference; fileEncoding = 4; lastKnownFileType = sourcecode.c.h; path = MGBlockWrapper.h; sourceTree = "<group>"; };
		50916F1718F81AC1006D5C26 /* MGBlockWrapper.m */ = {isa = PBXFileReference; fileEncoding = 4; lastKnownFileType = sourcecode.c.objc; path = MGBlockWrapper.m; sourceTree = "<group>"; };
		50916F1818F81AC1006D5C26 /* MGBox.h */ = {isa = PBXFileReference; fileEncoding = 4; lastKnownFileType = sourcecode.c.h; path = MGBox.h; sourceTree = "<group>"; };
		50916F1918F81AC1006D5C26 /* MGBox.m */ = {isa = PBXFileReference; fileEncoding = 4; lastKnownFileType = sourcecode.c.objc; path = MGBox.m; sourceTree = "<group>"; };
		50916F1A18F81AC1006D5C26 /* MGButton.h */ = {isa = PBXFileReference; fileEncoding = 4; lastKnownFileType = sourcecode.c.h; path = MGButton.h; sourceTree = "<group>"; };
		50916F1B18F81AC1006D5C26 /* MGButton.m */ = {isa = PBXFileReference; fileEncoding = 4; lastKnownFileType = sourcecode.c.objc; path = MGButton.m; sourceTree = "<group>"; };
		50916F1C18F81AC1006D5C26 /* MGLayoutBox.h */ = {isa = PBXFileReference; fileEncoding = 4; lastKnownFileType = sourcecode.c.h; path = MGLayoutBox.h; sourceTree = "<group>"; };
		50916F1D18F81AC1006D5C26 /* MGLayoutManager.h */ = {isa = PBXFileReference; fileEncoding = 4; lastKnownFileType = sourcecode.c.h; path = MGLayoutManager.h; sourceTree = "<group>"; };
		50916F1E18F81AC1006D5C26 /* MGLayoutManager.m */ = {isa = PBXFileReference; fileEncoding = 4; lastKnownFileType = sourcecode.c.objc; path = MGLayoutManager.m; sourceTree = "<group>"; };
		50916F1F18F81AC1006D5C26 /* MGLine.h */ = {isa = PBXFileReference; fileEncoding = 4; lastKnownFileType = sourcecode.c.h; path = MGLine.h; sourceTree = "<group>"; };
		50916F2018F81AC1006D5C26 /* MGLine.m */ = {isa = PBXFileReference; fileEncoding = 4; lastKnownFileType = sourcecode.c.objc; path = MGLine.m; sourceTree = "<group>"; };
		50916F2118F81AC1006D5C26 /* MGLineStyled.h */ = {isa = PBXFileReference; fileEncoding = 4; lastKnownFileType = sourcecode.c.h; path = MGLineStyled.h; sourceTree = "<group>"; };
		50916F2218F81AC1006D5C26 /* MGLineStyled.m */ = {isa = PBXFileReference; fileEncoding = 4; lastKnownFileType = sourcecode.c.objc; path = MGLineStyled.m; sourceTree = "<group>"; };
		50916F2318F81AC1006D5C26 /* MGMushParser.h */ = {isa = PBXFileReference; fileEncoding = 4; lastKnownFileType = sourcecode.c.h; path = MGMushParser.h; sourceTree = "<group>"; };
		50916F2418F81AC1006D5C26 /* MGMushParser.m */ = {isa = PBXFileReference; fileEncoding = 4; lastKnownFileType = sourcecode.c.objc; path = MGMushParser.m; sourceTree = "<group>"; };
		50916F2518F81AC1006D5C26 /* MGScrollView.h */ = {isa = PBXFileReference; fileEncoding = 4; lastKnownFileType = sourcecode.c.h; path = MGScrollView.h; sourceTree = "<group>"; };
		50916F2618F81AC1006D5C26 /* MGScrollView.m */ = {isa = PBXFileReference; fileEncoding = 4; lastKnownFileType = sourcecode.c.objc; path = MGScrollView.m; sourceTree = "<group>"; };
		50916F2718F81AC1006D5C26 /* MGTableBox.h */ = {isa = PBXFileReference; fileEncoding = 4; lastKnownFileType = sourcecode.c.h; path = MGTableBox.h; sourceTree = "<group>"; };
		50916F2818F81AC1006D5C26 /* MGTableBox.m */ = {isa = PBXFileReference; fileEncoding = 4; lastKnownFileType = sourcecode.c.objc; path = MGTableBox.m; sourceTree = "<group>"; };
		50916F2918F81AC1006D5C26 /* MGTableBoxStyled.h */ = {isa = PBXFileReference; fileEncoding = 4; lastKnownFileType = sourcecode.c.h; path = MGTableBoxStyled.h; sourceTree = "<group>"; };
		50916F2A18F81AC1006D5C26 /* MGTableBoxStyled.m */ = {isa = PBXFileReference; fileEncoding = 4; lastKnownFileType = sourcecode.c.objc; path = MGTableBoxStyled.m; sourceTree = "<group>"; };
		50916F2B18F81AC1006D5C26 /* VideoLink.h */ = {isa = PBXFileReference; fileEncoding = 4; lastKnownFileType = sourcecode.c.h; path = VideoLink.h; sourceTree = "<group>"; };
		50916F2C18F81AC1006D5C26 /* VideoLink.m */ = {isa = PBXFileReference; fileEncoding = 4; lastKnownFileType = sourcecode.c.objc; path = VideoLink.m; sourceTree = "<group>"; };
		50916F2D18F81AC1006D5C26 /* VideoModel.h */ = {isa = PBXFileReference; fileEncoding = 4; lastKnownFileType = sourcecode.c.h; path = VideoModel.h; sourceTree = "<group>"; };
		50916F2E18F81AC1006D5C26 /* VideoModel.m */ = {isa = PBXFileReference; fileEncoding = 4; lastKnownFileType = sourcecode.c.objc; path = VideoModel.m; sourceTree = "<group>"; };
		50916F4C18F81B19006D5C26 /* PhotoBox.h */ = {isa = PBXFileReference; fileEncoding = 4; lastKnownFileType = sourcecode.c.h; path = PhotoBox.h; sourceTree = "<group>"; };
		50916F4D18F81B19006D5C26 /* PhotoBox.m */ = {isa = PBXFileReference; fileEncoding = 4; lastKnownFileType = sourcecode.c.objc; path = PhotoBox.m; sourceTree = "<group>"; };
		50916F4E18F81B19006D5C26 /* YouTubeVC.h */ = {isa = PBXFileReference; fileEncoding = 4; lastKnownFileType = sourcecode.c.h; path = YouTubeVC.h; sourceTree = "<group>"; };
		50916F4F18F81B19006D5C26 /* YouTubeVC.m */ = {isa = PBXFileReference; fileEncoding = 4; lastKnownFileType = sourcecode.c.objc; path = YouTubeVC.m; sourceTree = "<group>"; };
		50916F5018F81B19006D5C26 /* WebVideoViewController.h */ = {isa = PBXFileReference; fileEncoding = 4; lastKnownFileType = sourcecode.c.h; path = WebVideoViewController.h; sourceTree = "<group>"; };
		50916F5118F81B19006D5C26 /* WebVideoViewController.m */ = {isa = PBXFileReference; fileEncoding = 4; lastKnownFileType = sourcecode.c.objc; path = WebVideoViewController.m; sourceTree = "<group>"; };
		50916F5818F821F8006D5C26 /* JIPArtistDetailVC.h */ = {isa = PBXFileReference; fileEncoding = 4; lastKnownFileType = sourcecode.c.h; name = JIPArtistDetailVC.h; path = ../JIPArtistDetailVC.h; sourceTree = "<group>"; };
		50916F5918F821F8006D5C26 /* JIPArtistDetailVC.m */ = {isa = PBXFileReference; fileEncoding = 4; lastKnownFileType = sourcecode.c.objc; name = JIPArtistDetailVC.m; path = ../JIPArtistDetailVC.m; sourceTree = "<group>"; };
		509759CF18A900F800E1482E /* JIPMyPinView.h */ = {isa = PBXFileReference; fileEncoding = 4; lastKnownFileType = sourcecode.c.h; path = JIPMyPinView.h; sourceTree = "<group>"; };
		509759D018A900F800E1482E /* JIPMyPinView.m */ = {isa = PBXFileReference; fileEncoding = 4; lastKnownFileType = sourcecode.c.objc; path = JIPMyPinView.m; sourceTree = "<group>"; };
		50A1524D18CF5F8E00AB2D9F /* JIPEvent+Create.h */ = {isa = PBXFileReference; fileEncoding = 4; lastKnownFileType = sourcecode.c.h; path = "JIPEvent+Create.h"; sourceTree = "<group>"; };
		50A1524E18CF5F8E00AB2D9F /* JIPEvent+Create.m */ = {isa = PBXFileReference; fileEncoding = 4; lastKnownFileType = sourcecode.c.objc; path = "JIPEvent+Create.m"; sourceTree = "<group>"; };
		50A1525018CF66DE00AB2D9F /* JIPArtist+Create.h */ = {isa = PBXFileReference; fileEncoding = 4; lastKnownFileType = sourcecode.c.h; path = "JIPArtist+Create.h"; sourceTree = "<group>"; };
		50A1525118CF66DE00AB2D9F /* JIPArtist+Create.m */ = {isa = PBXFileReference; fileEncoding = 4; lastKnownFileType = sourcecode.c.objc; path = "JIPArtist+Create.m"; sourceTree = "<group>"; };
		50A52FA0189ED5D9001D9779 /* JazzInParis.app */ = {isa = PBXFileReference; explicitFileType = wrapper.application; includeInIndex = 0; path = JazzInParis.app; sourceTree = BUILT_PRODUCTS_DIR; };
		50A52FA3189ED5D9001D9779 /* Foundation.framework */ = {isa = PBXFileReference; lastKnownFileType = wrapper.framework; name = Foundation.framework; path = System/Library/Frameworks/Foundation.framework; sourceTree = SDKROOT; };
		50A52FA5189ED5D9001D9779 /* CoreGraphics.framework */ = {isa = PBXFileReference; lastKnownFileType = wrapper.framework; name = CoreGraphics.framework; path = System/Library/Frameworks/CoreGraphics.framework; sourceTree = SDKROOT; };
		50A52FA7189ED5D9001D9779 /* UIKit.framework */ = {isa = PBXFileReference; lastKnownFileType = wrapper.framework; name = UIKit.framework; path = System/Library/Frameworks/UIKit.framework; sourceTree = SDKROOT; };
		50A52FAB189ED5D9001D9779 /* JazzInParis-Info.plist */ = {isa = PBXFileReference; lastKnownFileType = text.plist.xml; path = "JazzInParis-Info.plist"; sourceTree = "<group>"; };
		50A52FAD189ED5D9001D9779 /* en */ = {isa = PBXFileReference; lastKnownFileType = text.plist.strings; name = en; path = en.lproj/InfoPlist.strings; sourceTree = "<group>"; };
		50A52FAF189ED5D9001D9779 /* main.m */ = {isa = PBXFileReference; lastKnownFileType = sourcecode.c.objc; path = main.m; sourceTree = "<group>"; };
		50A52FB1189ED5D9001D9779 /* JazzInParis-Prefix.pch */ = {isa = PBXFileReference; lastKnownFileType = sourcecode.c.h; path = "JazzInParis-Prefix.pch"; sourceTree = "<group>"; };
		50A52FB2189ED5D9001D9779 /* JIPAppDelegate.h */ = {isa = PBXFileReference; lastKnownFileType = sourcecode.c.h; path = JIPAppDelegate.h; sourceTree = "<group>"; };
		50A52FB3189ED5D9001D9779 /* JIPAppDelegate.m */ = {isa = PBXFileReference; lastKnownFileType = sourcecode.c.objc; path = JIPAppDelegate.m; sourceTree = "<group>"; };
		50A52FB5189ED5D9001D9779 /* Images.xcassets */ = {isa = PBXFileReference; lastKnownFileType = folder.assetcatalog; path = Images.xcassets; sourceTree = "<group>"; };
		50A52FBB189ED5D9001D9779 /* JazzInParisTests.xctest */ = {isa = PBXFileReference; explicitFileType = wrapper.cfbundle; includeInIndex = 0; path = JazzInParisTests.xctest; sourceTree = BUILT_PRODUCTS_DIR; };
		50A52FBC189ED5D9001D9779 /* XCTest.framework */ = {isa = PBXFileReference; lastKnownFileType = wrapper.framework; name = XCTest.framework; path = Library/Frameworks/XCTest.framework; sourceTree = DEVELOPER_DIR; };
		50A52FC4189ED5D9001D9779 /* JazzInParisTests-Info.plist */ = {isa = PBXFileReference; lastKnownFileType = text.plist.xml; path = "JazzInParisTests-Info.plist"; sourceTree = "<group>"; };
		50A52FC6189ED5D9001D9779 /* en */ = {isa = PBXFileReference; lastKnownFileType = text.plist.strings; name = en; path = en.lproj/InfoPlist.strings; sourceTree = "<group>"; };
		50A52FC8189ED5D9001D9779 /* JazzInParisTests.m */ = {isa = PBXFileReference; lastKnownFileType = sourcecode.c.objc; path = JazzInParisTests.m; sourceTree = "<group>"; };
		50A52FD2189ED91C001D9779 /* JIPUpComingEventsViewController.h */ = {isa = PBXFileReference; fileEncoding = 4; lastKnownFileType = sourcecode.c.h; path = JIPUpComingEventsViewController.h; sourceTree = "<group>"; };
		50A52FD3189ED91C001D9779 /* JIPUpComingEventsViewController.m */ = {isa = PBXFileReference; fileEncoding = 4; lastKnownFileType = sourcecode.c.objc; path = JIPUpComingEventsViewController.m; sourceTree = "<group>"; };
		50AEB97E18EEDB920055FE07 /* Iphone4.storyboard */ = {isa = PBXFileReference; fileEncoding = 4; lastKnownFileType = file.storyboard; name = Iphone4.storyboard; path = JazzInParis/Iphone4.storyboard; sourceTree = "<group>"; };
		50AEB98018EEDFC00055FE07 /* JIPSearchArtistTableViewController.h */ = {isa = PBXFileReference; fileEncoding = 4; lastKnownFileType = sourcecode.c.h; path = JIPSearchArtistTableViewController.h; sourceTree = "<group>"; };
		50AEB98118EEDFC00055FE07 /* JIPSearchArtistTableViewController.m */ = {isa = PBXFileReference; fileEncoding = 4; lastKnownFileType = sourcecode.c.objc; path = JIPSearchArtistTableViewController.m; sourceTree = "<group>"; };
		50D334D818B6573F00E21622 /* JIPExtendNSLogFunctionality.h */ = {isa = PBXFileReference; fileEncoding = 4; lastKnownFileType = sourcecode.c.h; name = JIPExtendNSLogFunctionality.h; path = ../JIPExtendNSLogFunctionality.h; sourceTree = "<group>"; };
		50D334D918B6573F00E21622 /* JIPExtendNSLogFunctionality.m */ = {isa = PBXFileReference; fileEncoding = 4; lastKnownFileType = sourcecode.c.objc; name = JIPExtendNSLogFunctionality.m; path = ../JIPExtendNSLogFunctionality.m; sourceTree = "<group>"; };
		50D4BB3018B49D0700E7CF12 /* Model.xcdatamodel */ = {isa = PBXFileReference; lastKnownFileType = wrapper.xcdatamodel; path = Model.xcdatamodel; sourceTree = "<group>"; };
		50DAA78F18AB8E52003DDADA /* NSDate+Formatting.h */ = {isa = PBXFileReference; fileEncoding = 4; lastKnownFileType = sourcecode.c.h; path = "NSDate+Formatting.h"; sourceTree = "<group>"; };
		50DAA79018AB8E52003DDADA /* NSDate+Formatting.m */ = {isa = PBXFileReference; fileEncoding = 4; lastKnownFileType = sourcecode.c.objc; path = "NSDate+Formatting.m"; sourceTree = "<group>"; };
		50E7988D18F57A87002B8D3E /* JIPVenueMapVC.h */ = {isa = PBXFileReference; fileEncoding = 4; lastKnownFileType = sourcecode.c.h; name = JIPVenueMapVC.h; path = ../JIPVenueMapVC.h; sourceTree = "<group>"; };
		50E7988E18F57A87002B8D3E /* JIPVenueMapVC.m */ = {isa = PBXFileReference; fileEncoding = 4; lastKnownFileType = sourcecode.c.objc; name = JIPVenueMapVC.m; path = ../JIPVenueMapVC.m; sourceTree = "<group>"; };
		50FA943718F30CB7008A761D /* JIPFavoriteArtistsTableViewController.h */ = {isa = PBXFileReference; fileEncoding = 4; lastKnownFileType = sourcecode.c.h; path = JIPFavoriteArtistsTableViewController.h; sourceTree = "<group>"; };
		50FA943818F30CB7008A761D /* JIPFavoriteArtistsTableViewController.m */ = {isa = PBXFileReference; fileEncoding = 4; lastKnownFileType = sourcecode.c.objc; path = JIPFavoriteArtistsTableViewController.m; sourceTree = "<group>"; };
		50FB318E189EE02800137949 /* JIPEvent.h */ = {isa = PBXFileReference; fileEncoding = 4; lastKnownFileType = sourcecode.c.h; path = JIPEvent.h; sourceTree = "<group>"; };
		50FB318F189EE02800137949 /* JIPEvent.m */ = {isa = PBXFileReference; fileEncoding = 4; lastKnownFileType = sourcecode.c.objc; path = JIPEvent.m; sourceTree = "<group>"; };
		50FB3193189EE27D00137949 /* MapKit.framework */ = {isa = PBXFileReference; lastKnownFileType = wrapper.framework; name = MapKit.framework; path = System/Library/Frameworks/MapKit.framework; sourceTree = SDKROOT; };
		50FB3195189EE4DE00137949 /* CoreLocation.framework */ = {isa = PBXFileReference; lastKnownFileType = wrapper.framework; name = CoreLocation.framework; path = System/Library/Frameworks/CoreLocation.framework; sourceTree = SDKROOT; };
		50FCB09318CE0C0000AD4402 /* JIPVenue+Create.h */ = {isa = PBXFileReference; fileEncoding = 4; lastKnownFileType = sourcecode.c.h; path = "JIPVenue+Create.h"; sourceTree = "<group>"; };
		50FCB09418CE0C0100AD4402 /* JIPVenue+Create.m */ = {isa = PBXFileReference; fileEncoding = 4; lastKnownFileType = sourcecode.c.objc; path = "JIPVenue+Create.m"; sourceTree = "<group>"; };
		50FCB09618CE12B500AD4402 /* JIPCoreDataTableViewController.h */ = {isa = PBXFileReference; fileEncoding = 4; lastKnownFileType = sourcecode.c.h; path = JIPCoreDataTableViewController.h; sourceTree = "<group>"; };
		50FCB09718CE12B500AD4402 /* JIPCoreDataTableViewController.m */ = {isa = PBXFileReference; fileEncoding = 4; lastKnownFileType = sourcecode.c.objc; path = JIPCoreDataTableViewController.m; sourceTree = "<group>"; };
		50FCB09918CE130C00AD4402 /* CoreData.framework */ = {isa = PBXFileReference; lastKnownFileType = wrapper.framework; name = CoreData.framework; path = System/Library/Frameworks/CoreData.framework; sourceTree = SDKROOT; };
		50FCB09B18CE140800AD4402 /* JIPUpcomingEventsCDTVC.h */ = {isa = PBXFileReference; fileEncoding = 4; lastKnownFileType = sourcecode.c.h; path = JIPUpcomingEventsCDTVC.h; sourceTree = "<group>"; };
		50FCB09C18CE140800AD4402 /* JIPUpcomingEventsCDTVC.m */ = {isa = PBXFileReference; fileEncoding = 4; lastKnownFileType = sourcecode.c.objc; path = JIPUpcomingEventsCDTVC.m; sourceTree = "<group>"; };
		DB1FE86118EEED110032A1F9 /* ECSlidingViewController.h */ = {isa = PBXFileReference; fileEncoding = 4; lastKnownFileType = sourcecode.c.h; path = ECSlidingViewController.h; sourceTree = "<group>"; };
		DB1FE86218EEED110032A1F9 /* ECSlidingViewController.m */ = {isa = PBXFileReference; fileEncoding = 4; lastKnownFileType = sourcecode.c.objc; path = ECSlidingViewController.m; sourceTree = "<group>"; };
		DB1FE86318EEED110032A1F9 /* InitialSlidingViewController.h */ = {isa = PBXFileReference; fileEncoding = 4; lastKnownFileType = sourcecode.c.h; path = InitialSlidingViewController.h; sourceTree = "<group>"; };
		DB1FE86418EEED110032A1F9 /* InitialSlidingViewController.m */ = {isa = PBXFileReference; fileEncoding = 4; lastKnownFileType = sourcecode.c.objc; path = InitialSlidingViewController.m; sourceTree = "<group>"; };
		DB1FE86718EEEE7F0032A1F9 /* SideMenuViewController.h */ = {isa = PBXFileReference; fileEncoding = 4; lastKnownFileType = sourcecode.c.h; path = SideMenuViewController.h; sourceTree = "<group>"; };
		DB1FE86818EEEE7F0032A1F9 /* SideMenuViewController.m */ = {isa = PBXFileReference; fileEncoding = 4; lastKnownFileType = sourcecode.c.objc; path = SideMenuViewController.m; sourceTree = "<group>"; };
/* End PBXFileReference section */

/* Begin PBXFrameworksBuildPhase section */
		50A52F9D189ED5D9001D9779 /* Frameworks */ = {
			isa = PBXFrameworksBuildPhase;
			buildActionMask = 2147483647;
			files = (
				50916EE918F8196D006D5C26 /* QuartzCore.framework in Frameworks */,
				50916EE718F8195E006D5C26 /* CoreText.framework in Frameworks */,
				50FCB09A18CE130D00AD4402 /* CoreData.framework in Frameworks */,
				50FB3196189EE4DE00137949 /* CoreLocation.framework in Frameworks */,
				50FB3194189EE27D00137949 /* MapKit.framework in Frameworks */,
				50A52FA6189ED5D9001D9779 /* CoreGraphics.framework in Frameworks */,
				50A52FA8189ED5D9001D9779 /* UIKit.framework in Frameworks */,
				50A52FA4189ED5D9001D9779 /* Foundation.framework in Frameworks */,
			);
			runOnlyForDeploymentPostprocessing = 0;
		};
		50A52FB8189ED5D9001D9779 /* Frameworks */ = {
			isa = PBXFrameworksBuildPhase;
			buildActionMask = 2147483647;
			files = (
				50A52FBD189ED5D9001D9779 /* XCTest.framework in Frameworks */,
				50A52FBF189ED5D9001D9779 /* UIKit.framework in Frameworks */,
				50A52FBE189ED5D9001D9779 /* Foundation.framework in Frameworks */,
			);
			runOnlyForDeploymentPostprocessing = 0;
		};
/* End PBXFrameworksBuildPhase section */

/* Begin PBXGroup section */
		5008E04818DC995F00530542 /* RootVCs */ = {
			isa = PBXGroup;
			children = (
				5012E5DE19045A66002EA140 /* JIPJazzClubsMapVC.h */,
				5012E5DF19045A66002EA140 /* JIPJazzClubsMapVC.m */,
				50FA943418F2F5EB008A761D /* FavoriteArtists */,
				50C9C47F18EF0A1500F2E67C /* UpComingEvents */,
				50C9C47E18EF0A0600F2E67C /* Search Artist */,
			);
			name = RootVCs;
			sourceTree = "<group>";
		};
		5022AAA218F6A55600401DBB /* VenueDetails */ = {
			isa = PBXGroup;
			children = (
				50E7988D18F57A87002B8D3E /* JIPVenueMapVC.h */,
				50E7988E18F57A87002B8D3E /* JIPVenueMapVC.m */,
			);
			name = VenueDetails;
			sourceTree = "<group>";
		};
		5029342F18FD5B29009A4F2F /* AFNetworking */ = {
			isa = PBXGroup;
			children = (
				5029343018FD5B29009A4F2F /* AFHTTPRequestOperation.h */,
				5029343118FD5B29009A4F2F /* AFHTTPRequestOperation.m */,
				5029343218FD5B29009A4F2F /* AFHTTPRequestOperationManager.h */,
				5029343318FD5B29009A4F2F /* AFHTTPRequestOperationManager.m */,
				5029343418FD5B29009A4F2F /* AFHTTPSessionManager.h */,
				5029343518FD5B29009A4F2F /* AFHTTPSessionManager.m */,
				5029343618FD5B29009A4F2F /* AFNetworking.h */,
				5029343718FD5B29009A4F2F /* AFNetworkReachabilityManager.h */,
				5029343818FD5B29009A4F2F /* AFNetworkReachabilityManager.m */,
				5029343918FD5B29009A4F2F /* AFSecurityPolicy.h */,
				5029343A18FD5B29009A4F2F /* AFSecurityPolicy.m */,
				5029343B18FD5B29009A4F2F /* AFURLConnectionOperation.h */,
				5029343C18FD5B29009A4F2F /* AFURLConnectionOperation.m */,
				5029343D18FD5B29009A4F2F /* AFURLRequestSerialization.h */,
				5029343E18FD5B29009A4F2F /* AFURLRequestSerialization.m */,
				5029343F18FD5B29009A4F2F /* AFURLResponseSerialization.h */,
				5029344018FD5B29009A4F2F /* AFURLResponseSerialization.m */,
				5029344118FD5B29009A4F2F /* AFURLSessionManager.h */,
				5029344218FD5B29009A4F2F /* AFURLSessionManager.m */,
			);
			name = AFNetworking;
			path = ../AFNetworking;
			sourceTree = "<group>";
		};
		5029344318FD5B29009A4F2F /* UIKit+AFNetworking */ = {
			isa = PBXGroup;
			children = (
				5029344418FD5B29009A4F2F /* AFNetworkActivityIndicatorManager.h */,
				5029344518FD5B29009A4F2F /* AFNetworkActivityIndicatorManager.m */,
				5029344618FD5B29009A4F2F /* UIActivityIndicatorView+AFNetworking.h */,
				5029344718FD5B29009A4F2F /* UIActivityIndicatorView+AFNetworking.m */,
				5029344818FD5B29009A4F2F /* UIAlertView+AFNetworking.h */,
				5029344918FD5B29009A4F2F /* UIAlertView+AFNetworking.m */,
				5029344A18FD5B29009A4F2F /* UIButton+AFNetworking.h */,
				5029344B18FD5B29009A4F2F /* UIButton+AFNetworking.m */,
				5029344C18FD5B29009A4F2F /* UIImageView+AFNetworking.h */,
				5029344D18FD5B29009A4F2F /* UIImageView+AFNetworking.m */,
				5029344E18FD5B29009A4F2F /* UIKit+AFNetworking.h */,
				5029344F18FD5B29009A4F2F /* UIProgressView+AFNetworking.h */,
				5029345018FD5B29009A4F2F /* UIProgressView+AFNetworking.m */,
				5029345118FD5B2A009A4F2F /* UIRefreshControl+AFNetworking.h */,
				5029345218FD5B2A009A4F2F /* UIRefreshControl+AFNetworking.m */,
				5029345318FD5B2A009A4F2F /* UIWebView+AFNetworking.h */,
				5029345418FD5B2A009A4F2F /* UIWebView+AFNetworking.m */,
			);
			name = "UIKit+AFNetworking";
			path = "../UIKit+AFNetworking";
			sourceTree = "<group>";
		};
		5029346918FD5BEE009A4F2F /* Wikipedia ObjectiveC */ = {
			isa = PBXGroup;
			children = (
				5029346618FD5BE4009A4F2F /* WikipediaHelper.h */,
				5029346718FD5BE4009A4F2F /* WikipediaHelper.m */,
			);
			name = "Wikipedia ObjectiveC";
			sourceTree = "<group>";
		};
		5049960018E59FEE008D5413 /* Abstract */ = {
			isa = PBXGroup;
			children = (
				50FCB09618CE12B500AD4402 /* JIPCoreDataTableViewController.h */,
				50FCB09718CE12B500AD4402 /* JIPCoreDataTableViewController.m */,
			);
			name = Abstract;
			sourceTree = "<group>";
		};
		504A1EFE18FE927D00629F6A /* InitialPageContent */ = {
			isa = PBXGroup;
			children = (
				5029347018FD79AB009A4F2F /* JIPInitialVC.h */,
				5029347118FD79AB009A4F2F /* JIPInitialVC.m */,
				5029346D18FD6575009A4F2F /* JIPManagingPageContent.h */,
				5029346E18FD6575009A4F2F /* JIPManagingPageContent.m */,
				5029346A18FD6416009A4F2F /* JIPPageContentVC.h */,
				5029346B18FD6416009A4F2F /* JIPPageContentVC.m */,
			);
			name = InitialPageContent;
			sourceTree = "<group>";
		};
		505A641F18ED9DCA00FC6577 /* NotRootVCs */ = {
			isa = PBXGroup;
			children = (
				502A222918F9815C00CB7926 /* JIPArtistDetailsTVC.h */,
				502A222A18F9815C00CB7926 /* JIPArtistDetailsTVC.m */,
				50E7988C18F57937002B8D3E /* Event Details */,
				5022AAA218F6A55600401DBB /* VenueDetails */,
			);
			name = NotRootVCs;
			sourceTree = "<group>";
		};
		50726F2F18BB56A8008F2578 /* Extension */ = {
			isa = PBXGroup;
			children = (
				50D334D818B6573F00E21622 /* JIPExtendNSLogFunctionality.h */,
				50D334D918B6573F00E21622 /* JIPExtendNSLogFunctionality.m */,
			);
			name = Extension;
			sourceTree = "<group>";
		};
		50916EEA18F81A36006D5C26 /* YTBrowser */ = {
			isa = PBXGroup;
			children = (
				50916F4C18F81B19006D5C26 /* PhotoBox.h */,
				50916F4D18F81B19006D5C26 /* PhotoBox.m */,
				50916F4E18F81B19006D5C26 /* YouTubeVC.h */,
				50916F4F18F81B19006D5C26 /* YouTubeVC.m */,
				50916F5018F81B19006D5C26 /* WebVideoViewController.h */,
				50916F5118F81B19006D5C26 /* WebVideoViewController.m */,
				50916F0518F81AC1006D5C26 /* MediaThumbnail.h */,
				50916F0618F81AC1006D5C26 /* MediaThumbnail.m */,
				50916F2B18F81AC1006D5C26 /* VideoLink.h */,
				50916F2C18F81AC1006D5C26 /* VideoLink.m */,
				50916F2D18F81AC1006D5C26 /* VideoModel.h */,
				50916F2E18F81AC1006D5C26 /* VideoModel.m */,
				50916EEB18F81AC1006D5C26 /* JSONModel */,
				50916F0718F81AC1006D5C26 /* MGBox */,
			);
			name = YTBrowser;
			sourceTree = "<group>";
		};
		50916EEB18F81AC1006D5C26 /* JSONModel */ = {
			isa = PBXGroup;
			children = (
				50916EEC18F81AC1006D5C26 /* JSONModel */,
				50916EF518F81AC1006D5C26 /* JSONModelCategories */,
				50916EF818F81AC1006D5C26 /* JSONModelLib.h */,
				50916EF918F81AC1006D5C26 /* JSONModelNetworking */,
				50916F0018F81AC1006D5C26 /* JSONModelTransformations */,
			);
			path = JSONModel;
			sourceTree = "<group>";
		};
		50916EEC18F81AC1006D5C26 /* JSONModel */ = {
			isa = PBXGroup;
			children = (
				50916EED18F81AC1006D5C26 /* JSONModel.h */,
				50916EEE18F81AC1006D5C26 /* JSONModel.m */,
				50916EEF18F81AC1006D5C26 /* JSONModelArray.h */,
				50916EF018F81AC1006D5C26 /* JSONModelArray.m */,
				50916EF118F81AC1006D5C26 /* JSONModelClassProperty.h */,
				50916EF218F81AC1006D5C26 /* JSONModelClassProperty.m */,
				50916EF318F81AC1006D5C26 /* JSONModelError.h */,
				50916EF418F81AC1006D5C26 /* JSONModelError.m */,
			);
			path = JSONModel;
			sourceTree = "<group>";
		};
		50916EF518F81AC1006D5C26 /* JSONModelCategories */ = {
			isa = PBXGroup;
			children = (
				50916EF618F81AC1006D5C26 /* NSArray+JSONModel.h */,
				50916EF718F81AC1006D5C26 /* NSArray+JSONModel.m */,
			);
			path = JSONModelCategories;
			sourceTree = "<group>";
		};
		50916EF918F81AC1006D5C26 /* JSONModelNetworking */ = {
			isa = PBXGroup;
			children = (
				50916EFA18F81AC1006D5C26 /* JSONAPI.h */,
				50916EFB18F81AC1006D5C26 /* JSONAPI.m */,
				50916EFC18F81AC1006D5C26 /* JSONHTTPClient.h */,
				50916EFD18F81AC1006D5C26 /* JSONHTTPClient.m */,
				50916EFE18F81AC1006D5C26 /* JSONModel+networking.h */,
				50916EFF18F81AC1006D5C26 /* JSONModel+networking.m */,
			);
			path = JSONModelNetworking;
			sourceTree = "<group>";
		};
		50916F0018F81AC1006D5C26 /* JSONModelTransformations */ = {
			isa = PBXGroup;
			children = (
				50916F0118F81AC1006D5C26 /* JSONKeyMapper.h */,
				50916F0218F81AC1006D5C26 /* JSONKeyMapper.m */,
				50916F0318F81AC1006D5C26 /* JSONValueTransformer.h */,
				50916F0418F81AC1006D5C26 /* JSONValueTransformer.m */,
			);
			path = JSONModelTransformations;
			sourceTree = "<group>";
		};
		50916F0718F81AC1006D5C26 /* MGBox */ = {
			isa = PBXGroup;
			children = (
				50916F0818F81AC1006D5C26 /* Categories */,
				50916F1518F81AC1006D5C26 /* MGBase.h */,
				50916F1618F81AC1006D5C26 /* MGBlockWrapper.h */,
				50916F1718F81AC1006D5C26 /* MGBlockWrapper.m */,
				50916F1818F81AC1006D5C26 /* MGBox.h */,
				50916F1918F81AC1006D5C26 /* MGBox.m */,
				50916F1A18F81AC1006D5C26 /* MGButton.h */,
				50916F1B18F81AC1006D5C26 /* MGButton.m */,
				50916F1C18F81AC1006D5C26 /* MGLayoutBox.h */,
				50916F1D18F81AC1006D5C26 /* MGLayoutManager.h */,
				50916F1E18F81AC1006D5C26 /* MGLayoutManager.m */,
				50916F1F18F81AC1006D5C26 /* MGLine.h */,
				50916F2018F81AC1006D5C26 /* MGLine.m */,
				50916F2118F81AC1006D5C26 /* MGLineStyled.h */,
				50916F2218F81AC1006D5C26 /* MGLineStyled.m */,
				50916F2318F81AC1006D5C26 /* MGMushParser.h */,
				50916F2418F81AC1006D5C26 /* MGMushParser.m */,
				50916F2518F81AC1006D5C26 /* MGScrollView.h */,
				50916F2618F81AC1006D5C26 /* MGScrollView.m */,
				50916F2718F81AC1006D5C26 /* MGTableBox.h */,
				50916F2818F81AC1006D5C26 /* MGTableBox.m */,
				50916F2918F81AC1006D5C26 /* MGTableBoxStyled.h */,
				50916F2A18F81AC1006D5C26 /* MGTableBoxStyled.m */,
			);
			path = MGBox;
			sourceTree = "<group>";
		};
		50916F0818F81AC1006D5C26 /* Categories */ = {
			isa = PBXGroup;
			children = (
				50916F0918F81AC1006D5C26 /* NSAttributedString+MGTrim.h */,
				50916F0A18F81AC1006D5C26 /* NSAttributedString+MGTrim.m */,
				50916F0B18F81AC1006D5C26 /* NSObject+MGEvents.h */,
				50916F0C18F81AC1006D5C26 /* NSObject+MGEvents.m */,
				50916F0D18F81AC1006D5C26 /* UIColor+MGExpanded.h */,
				50916F0E18F81AC1006D5C26 /* UIColor+MGExpanded.m */,
				50916F0F18F81AC1006D5C26 /* UIControl+MGEvents.h */,
				50916F1018F81AC1006D5C26 /* UIControl+MGEvents.m */,
				50916F1118F81AC1006D5C26 /* UIResponder+FirstResponder.h */,
				50916F1218F81AC1006D5C26 /* UIResponder+FirstResponder.m */,
				50916F1318F81AC1006D5C26 /* UIView+MGEasyFrame.h */,
				50916F1418F81AC1006D5C26 /* UIView+MGEasyFrame.m */,
			);
			path = Categories;
			sourceTree = "<group>";
		};
		50A52F97189ED5D9001D9779 = {
			isa = PBXGroup;
			children = (
				503CE20C19091E9800EB2F4C /* Default-568h@2x.png */,
				503C453B190821610058E659 /* milesjeanne 640x1136.png */,
				503C453A190820FD0058E659 /* milesjeanne 640x960.png */,
				503C453919081CF70058E659 /* 120x120.png */,
				503C453819081CB40058E659 /* DtfmIosIcon58x58.png */,
				503C453719081C220058E659 /* DtfmIosIcon80x80.png */,
				50AEB97E18EEDB920055FE07 /* Iphone4.storyboard */,
				50A52FA9189ED5D9001D9779 /* JazzInParis */,
				50A52FC2189ED5D9001D9779 /* JazzInParisTests */,
				50A52FA2189ED5D9001D9779 /* Frameworks */,
				50A52FA1189ED5D9001D9779 /* Products */,
			);
			sourceTree = "<group>";
		};
		50A52FA1189ED5D9001D9779 /* Products */ = {
			isa = PBXGroup;
			children = (
				50A52FA0189ED5D9001D9779 /* JazzInParis.app */,
				50A52FBB189ED5D9001D9779 /* JazzInParisTests.xctest */,
			);
			name = Products;
			sourceTree = "<group>";
		};
		50A52FA2189ED5D9001D9779 /* Frameworks */ = {
			isa = PBXGroup;
			children = (
				50916EE818F8196D006D5C26 /* QuartzCore.framework */,
				50916EE618F8195E006D5C26 /* CoreText.framework */,
				50FCB09918CE130C00AD4402 /* CoreData.framework */,
				50FB3195189EE4DE00137949 /* CoreLocation.framework */,
				50FB3193189EE27D00137949 /* MapKit.framework */,
				50A52FA3189ED5D9001D9779 /* Foundation.framework */,
				50A52FA5189ED5D9001D9779 /* CoreGraphics.framework */,
				50A52FA7189ED5D9001D9779 /* UIKit.framework */,
				50A52FBC189ED5D9001D9779 /* XCTest.framework */,
			);
			name = Frameworks;
			sourceTree = "<group>";
		};
		50A52FA9189ED5D9001D9779 /* JazzInParis */ = {
			isa = PBXGroup;
			children = (
				50FA943618F2FB78008A761D /* Trash */,
				DB1FE85F18EEECFE0032A1F9 /* Lib */,
				504A1EFE18FE927D00629F6A /* InitialPageContent */,
				50A52FB2189ED5D9001D9779 /* JIPAppDelegate.h */,
				50A52FB3189ED5D9001D9779 /* JIPAppDelegate.m */,
				501FB95F18D1BFCE00845256 /* JIPManagedDocument.h */,
				501FB96018D1BFCE00845256 /* JIPManagedDocument.m */,
				5051B4F318D9A6D600BBE2DB /* JIPUpdateManager.h */,
				5051B4F418D9A6D600BBE2DB /* JIPUpdateManager.m */,
				5074704018FBFE470040C7FC /* JIPDesign.h */,
				5074704118FBFE470040C7FC /* JIPDesign.m */,
				50FB3192189EE04F00137949 /* ViewControllers */,
				50CE606418BA9C540079F0EF /* Views */,
				50FB3191189EE04500137949 /* Models */,
				50DAA79218AB8E57003DDADA /* Categories */,
				50726F2F18BB56A8008F2578 /* Extension */,
				50A52FB5189ED5D9001D9779 /* Images.xcassets */,
				50A52FAA189ED5D9001D9779 /* Supporting Files */,
			);
			path = JazzInParis;
			sourceTree = "<group>";
		};
		50A52FAA189ED5D9001D9779 /* Supporting Files */ = {
			isa = PBXGroup;
			children = (
				50A52FAB189ED5D9001D9779 /* JazzInParis-Info.plist */,
				50A52FAC189ED5D9001D9779 /* InfoPlist.strings */,
				50A52FAF189ED5D9001D9779 /* main.m */,
				50A52FB1189ED5D9001D9779 /* JazzInParis-Prefix.pch */,
			);
			name = "Supporting Files";
			sourceTree = "<group>";
		};
		50A52FC2189ED5D9001D9779 /* JazzInParisTests */ = {
			isa = PBXGroup;
			children = (
				50A52FC8189ED5D9001D9779 /* JazzInParisTests.m */,
				50A52FC3189ED5D9001D9779 /* Supporting Files */,
			);
			path = JazzInParisTests;
			sourceTree = "<group>";
		};
		50A52FC3189ED5D9001D9779 /* Supporting Files */ = {
			isa = PBXGroup;
			children = (
				50A52FC4189ED5D9001D9779 /* JazzInParisTests-Info.plist */,
				50A52FC5189ED5D9001D9779 /* InfoPlist.strings */,
			);
			name = "Supporting Files";
			sourceTree = "<group>";
		};
		50C9C47E18EF0A0600F2E67C /* Search Artist */ = {
			isa = PBXGroup;
			children = (
				50AEB98018EEDFC00055FE07 /* JIPSearchArtistTableViewController.h */,
				50AEB98118EEDFC00055FE07 /* JIPSearchArtistTableViewController.m */,
			);
			name = "Search Artist";
			sourceTree = "<group>";
		};
		50C9C47F18EF0A1500F2E67C /* UpComingEvents */ = {
			isa = PBXGroup;
			children = (
				50FCB09C18CE140800AD4402 /* JIPUpcomingEventsCDTVC.m */,
				50FCB09B18CE140800AD4402 /* JIPUpcomingEventsCDTVC.h */,
			);
			name = UpComingEvents;
			sourceTree = "<group>";
		};
		50CE606418BA9C540079F0EF /* Views */ = {
			isa = PBXGroup;
			children = (
				509759CF18A900F800E1482E /* JIPMyPinView.h */,
				509759D018A900F800E1482E /* JIPMyPinView.m */,
				502A222618F97ABB00CB7926 /* JIPSearchArtistNameCell.h */,
				502A222718F97ABB00CB7926 /* JIPSearchArtistNameCell.m */,
				5069740D18F1811800A4E23C /* JIPArtistNameCell.h */,
				5069740E18F1811800A4E23C /* JIPArtistNameCell.m */,
				5040392A18F5649200AE815A /* JIPUpcomingEventCell.h */,
				5040392B18F5649200AE815A /* JIPUpcomingEventCell.m */,
				5069741318F1828300A4E23C /* JIPYouTubeVideoCell.h */,
				5069741418F1828300A4E23C /* JIPYouTubeVideoCell.m */,
			);
			name = Views;
			sourceTree = "<group>";
		};
		50DAA79218AB8E57003DDADA /* Categories */ = {
			isa = PBXGroup;
			children = (
				50149F9F190586F20037E9A7 /* UIImage+Resize.h */,
				50149FA0190586F20037E9A7 /* UIImage+Resize.m */,
				50DAA78F18AB8E52003DDADA /* NSDate+Formatting.h */,
				50DAA79018AB8E52003DDADA /* NSDate+Formatting.m */,
			);
			name = Categories;
			sourceTree = "<group>";
		};
		50E7988C18F57937002B8D3E /* Event Details */ = {
			isa = PBXGroup;
			children = (
				5074704618FC06B10040C7FC /* JIPEventDetailsTVC.h */,
				5074704718FC06B10040C7FC /* JIPEventDetailsTVC.m */,
			);
			name = "Event Details";
			sourceTree = "<group>";
		};
		50FA943418F2F5EB008A761D /* FavoriteArtists */ = {
			isa = PBXGroup;
			children = (
				50FA943718F30CB7008A761D /* JIPFavoriteArtistsTableViewController.h */,
				50FA943818F30CB7008A761D /* JIPFavoriteArtistsTableViewController.m */,
			);
			name = FavoriteArtists;
			sourceTree = "<group>";
		};
		50FA943618F2FB78008A761D /* Trash */ = {
			isa = PBXGroup;
			children = (
				508598D518AA551C0048D760 /* JIPVenueDetailsViewController.h */,
				508598D618AA551C0048D760 /* JIPVenueDetailsViewController.m */,
				5015AAAC18A159ED000A7625 /* JIPConcertDetailsViewController.h */,
				5015AAAD18A159ED000A7625 /* JIPConcertDetailsViewController.m */,
				50916F5818F821F8006D5C26 /* JIPArtistDetailVC.h */,
				50916F5918F821F8006D5C26 /* JIPArtistDetailVC.m */,
				50A52FD2189ED91C001D9779 /* JIPUpComingEventsViewController.h */,
				50A52FD3189ED91C001D9779 /* JIPUpComingEventsViewController.m */,
				508FF5DF18E5ED3500B53743 /* JIPFavoriteArtistTableViewController.h */,
				508FF5E018E5ED3500B53743 /* JIPFavoriteArtistTableViewController.m */,
				508598DB18AA83AB0048D760 /* JIPArtistDetailsViewController.h */,
				508598DC18AA83AB0048D760 /* JIPArtistDetailsViewController.m */,
				5008E04518DC992F00530542 /* JIPSearchArtistsViewController.h */,
				5008E04618DC992F00530542 /* JIPSearchArtistsViewController.m */,
			);
			name = Trash;
			sourceTree = "<group>";
		};
		50FB3191189EE04500137949 /* Models */ = {
			isa = PBXGroup;
			children = (
				50D4BB2F18B49D0700E7CF12 /* Model.xcdatamodeld */,
				50FB318E189EE02800137949 /* JIPEvent.h */,
				50FB318F189EE02800137949 /* JIPEvent.m */,
				50A1524D18CF5F8E00AB2D9F /* JIPEvent+Create.h */,
				50A1524E18CF5F8E00AB2D9F /* JIPEvent+Create.m */,
				508598D818AA74BF0048D760 /* JIPArtist.h */,
				508598D918AA74BF0048D760 /* JIPArtist.m */,
				50A1525018CF66DE00AB2D9F /* JIPArtist+Create.h */,
				50A1525118CF66DE00AB2D9F /* JIPArtist+Create.m */,
				508598D218AA46330048D760 /* JIPVenue.h */,
				508598D318AA46330048D760 /* JIPVenue.m */,
				50FCB09318CE0C0000AD4402 /* JIPVenue+Create.h */,
				50FCB09418CE0C0100AD4402 /* JIPVenue+Create.m */,
			);
			name = Models;
			sourceTree = "<group>";
		};
		50FB3192189EE04F00137949 /* ViewControllers */ = {
			isa = PBXGroup;
			children = (
				DB1FE86718EEEE7F0032A1F9 /* SideMenuViewController.h */,
				DB1FE86818EEEE7F0032A1F9 /* SideMenuViewController.m */,
				5049960018E59FEE008D5413 /* Abstract */,
				5008E04818DC995F00530542 /* RootVCs */,
				505A641F18ED9DCA00FC6577 /* NotRootVCs */,
			);
			name = ViewControllers;
			sourceTree = "<group>";
		};
		DB1FE85F18EEECFE0032A1F9 /* Lib */ = {
			isa = PBXGroup;
			children = (
				5029346918FD5BEE009A4F2F /* Wikipedia ObjectiveC */,
				5029342F18FD5B29009A4F2F /* AFNetworking */,
				5029344318FD5B29009A4F2F /* UIKit+AFNetworking */,
				50916EEA18F81A36006D5C26 /* YTBrowser */,
				DB1FE86018EEED110032A1F9 /* ECSLiding */,
			);
			name = Lib;
			sourceTree = "<group>";
		};
		DB1FE86018EEED110032A1F9 /* ECSLiding */ = {
			isa = PBXGroup;
			children = (
				DB1FE86118EEED110032A1F9 /* ECSlidingViewController.h */,
				DB1FE86218EEED110032A1F9 /* ECSlidingViewController.m */,
				DB1FE86318EEED110032A1F9 /* InitialSlidingViewController.h */,
				DB1FE86418EEED110032A1F9 /* InitialSlidingViewController.m */,
			);
			path = ECSLiding;
			sourceTree = "<group>";
		};
/* End PBXGroup section */

/* Begin PBXNativeTarget section */
		50A52F9F189ED5D9001D9779 /* JazzInParis */ = {
			isa = PBXNativeTarget;
			buildConfigurationList = 50A52FCC189ED5D9001D9779 /* Build configuration list for PBXNativeTarget "JazzInParis" */;
			buildPhases = (
				50A52F9C189ED5D9001D9779 /* Sources */,
				50A52F9D189ED5D9001D9779 /* Frameworks */,
				50A52F9E189ED5D9001D9779 /* Resources */,
				5016776918D35D3D0060EC01 /* ShellScript */,
			);
			buildRules = (
			);
			dependencies = (
			);
			name = JazzInParis;
			productName = JazzInParis;
			productReference = 50A52FA0189ED5D9001D9779 /* JazzInParis.app */;
			productType = "com.apple.product-type.application";
		};
		50A52FBA189ED5D9001D9779 /* JazzInParisTests */ = {
			isa = PBXNativeTarget;
			buildConfigurationList = 50A52FCF189ED5D9001D9779 /* Build configuration list for PBXNativeTarget "JazzInParisTests" */;
			buildPhases = (
				50A52FB7189ED5D9001D9779 /* Sources */,
				50A52FB8189ED5D9001D9779 /* Frameworks */,
				50A52FB9189ED5D9001D9779 /* Resources */,
			);
			buildRules = (
			);
			dependencies = (
				50A52FC1189ED5D9001D9779 /* PBXTargetDependency */,
			);
			name = JazzInParisTests;
			productName = JazzInParisTests;
			productReference = 50A52FBB189ED5D9001D9779 /* JazzInParisTests.xctest */;
			productType = "com.apple.product-type.bundle.unit-test";
		};
/* End PBXNativeTarget section */

/* Begin PBXProject section */
		50A52F98189ED5D9001D9779 /* Project object */ = {
			isa = PBXProject;
			attributes = {
				CLASSPREFIX = JIP;
				LastUpgradeCheck = 0510;
				ORGANIZATIONNAME = Max;
				TargetAttributes = {
					50A52F9F189ED5D9001D9779 = {
						DevelopmentTeam = 2GRL7A9P7R;
					};
					50A52FBA189ED5D9001D9779 = {
						TestTargetID = 50A52F9F189ED5D9001D9779;
					};
				};
			};
			buildConfigurationList = 50A52F9B189ED5D9001D9779 /* Build configuration list for PBXProject "JazzInParis" */;
			compatibilityVersion = "Xcode 3.2";
			developmentRegion = English;
			hasScannedForEncodings = 0;
			knownRegions = (
				en,
			);
			mainGroup = 50A52F97189ED5D9001D9779;
			productRefGroup = 50A52FA1189ED5D9001D9779 /* Products */;
			projectDirPath = "";
			projectRoot = "";
			targets = (
				50A52F9F189ED5D9001D9779 /* JazzInParis */,
				50A52FBA189ED5D9001D9779 /* JazzInParisTests */,
			);
		};
/* End PBXProject section */

/* Begin PBXResourcesBuildPhase section */
		50A52F9E189ED5D9001D9779 /* Resources */ = {
			isa = PBXResourcesBuildPhase;
			buildActionMask = 2147483647;
			files = (
				50A52FAE189ED5D9001D9779 /* InfoPlist.strings in Resources */,
				503CE20D19091E9800EB2F4C /* Default-568h@2x.png in Resources */,
				50AEB97F18EEDB920055FE07 /* Iphone4.storyboard in Resources */,
				50A52FB6189ED5D9001D9779 /* Images.xcassets in Resources */,
			);
			runOnlyForDeploymentPostprocessing = 0;
		};
		50A52FB9189ED5D9001D9779 /* Resources */ = {
			isa = PBXResourcesBuildPhase;
			buildActionMask = 2147483647;
			files = (
				50A52FC7189ED5D9001D9779 /* InfoPlist.strings in Resources */,
			);
			runOnlyForDeploymentPostprocessing = 0;
		};
/* End PBXResourcesBuildPhase section */

/* Begin PBXShellScriptBuildPhase section */
		5016776918D35D3D0060EC01 /* ShellScript */ = {
			isa = PBXShellScriptBuildPhase;
			buildActionMask = 12;
			files = (
			);
			inputPaths = (
			);
			outputPaths = (
			);
			runOnlyForDeploymentPostprocessing = 0;
			shellPath = /bin/sh;
			shellScript = "KEYWORDS=\"TODO:|FIXME:|\\?\\?\\?:|\\!\\!\\!:\"\nfind \"${SRCROOT}\" \\( -name \"*.h\" -or -name \"*.m\" \\) -print0 | xargs -0 egrep --with-filename --line-number --only-matching \"($KEYWORDS).*\\$\" | perl -p -e \"s/($KEYWORDS)/ warning: \\$1/\"";
		};
/* End PBXShellScriptBuildPhase section */

/* Begin PBXSourcesBuildPhase section */
		50A52F9C189ED5D9001D9779 /* Sources */ = {
			isa = PBXSourcesBuildPhase;
			buildActionMask = 2147483647;
			files = (
				508598D418AA46330048D760 /* JIPVenue.m in Sources */,
				5029346C18FD6416009A4F2F /* JIPPageContentVC.m in Sources */,
				50A1524F18CF5F8E00AB2D9F /* JIPEvent+Create.m in Sources */,
				50916F3318F81AC1006D5C26 /* NSArray+JSONModel.m in Sources */,
				50916F4918F81AC1006D5C26 /* MGTableBoxStyled.m in Sources */,
				50916F3E18F81AC1006D5C26 /* UIResponder+FirstResponder.m in Sources */,
				50916F4818F81AC1006D5C26 /* MGTableBox.m in Sources */,
				50916F3218F81AC1006D5C26 /* JSONModelError.m in Sources */,
				50916F4B18F81AC1006D5C26 /* VideoModel.m in Sources */,
				50916F3B18F81AC1006D5C26 /* NSObject+MGEvents.m in Sources */,
				50D334DA18B6573F00E21622 /* JIPExtendNSLogFunctionality.m in Sources */,
				5029345718FD5B2A009A4F2F /* AFHTTPSessionManager.m in Sources */,
				5040392C18F5649200AE815A /* JIPUpcomingEventCell.m in Sources */,
				502A222818F97ABB00CB7926 /* JIPSearchArtistNameCell.m in Sources */,
				50AEB98218EEDFC00055FE07 /* JIPSearchArtistTableViewController.m in Sources */,
				50916F4418F81AC1006D5C26 /* MGLine.m in Sources */,
				50A52FD4189ED91C001D9779 /* JIPUpComingEventsViewController.m in Sources */,
				DB1FE86518EEED110032A1F9 /* ECSlidingViewController.m in Sources */,
				50A52FB4189ED5D9001D9779 /* JIPAppDelegate.m in Sources */,
				5074704818FC06B10040C7FC /* JIPEventDetailsTVC.m in Sources */,
				5069740F18F1811800A4E23C /* JIPArtistNameCell.m in Sources */,
				5069741518F1828300A4E23C /* JIPYouTubeVideoCell.m in Sources */,
				50916F5418F81B19006D5C26 /* WebVideoViewController.m in Sources */,
				50916F4718F81AC1006D5C26 /* MGScrollView.m in Sources */,
				50DAA79118AB8E52003DDADA /* NSDate+Formatting.m in Sources */,
				5051B4F518D9A6D600BBE2DB /* JIPUpdateManager.m in Sources */,
				50A1525218CF66DE00AB2D9F /* JIPArtist+Create.m in Sources */,
				50916F3C18F81AC1006D5C26 /* UIColor+MGExpanded.m in Sources */,
				5029346518FD5B2A009A4F2F /* UIWebView+AFNetworking.m in Sources */,
				501FB96118D1BFCE00845256 /* JIPManagedDocument.m in Sources */,
				50916F4118F81AC1006D5C26 /* MGBox.m in Sources */,
				5074704218FBFE470040C7FC /* JIPDesign.m in Sources */,
				5029346F18FD6575009A4F2F /* JIPManagingPageContent.m in Sources */,
				509759D118A900F800E1482E /* JIPMyPinView.m in Sources */,
				50916F4318F81AC1006D5C26 /* MGLayoutManager.m in Sources */,
				508598DD18AA83AB0048D760 /* JIPArtistDetailsViewController.m in Sources */,
				5029345618FD5B2A009A4F2F /* AFHTTPRequestOperationManager.m in Sources */,
				50916F3718F81AC1006D5C26 /* JSONKeyMapper.m in Sources */,
				502A222B18F9815C00CB7926 /* JIPArtistDetailsTVC.m in Sources */,
				50916F3A18F81AC1006D5C26 /* NSAttributedString+MGTrim.m in Sources */,
				50FCB09518CE0C0100AD4402 /* JIPVenue+Create.m in Sources */,
				50FB3190189EE02800137949 /* JIPEvent.m in Sources */,
				50916F3618F81AC1006D5C26 /* JSONModel+networking.m in Sources */,
				50916F3518F81AC1006D5C26 /* JSONHTTPClient.m in Sources */,
				50916F5218F81B19006D5C26 /* PhotoBox.m in Sources */,
				5029345B18FD5B2A009A4F2F /* AFURLRequestSerialization.m in Sources */,
				50916F3418F81AC1006D5C26 /* JSONAPI.m in Sources */,
				508598DA18AA74BF0048D760 /* JIPArtist.m in Sources */,
				5008E04718DC992F00530542 /* JIPSearchArtistsViewController.m in Sources */,
				50916F3018F81AC1006D5C26 /* JSONModelArray.m in Sources */,
				5029345818FD5B2A009A4F2F /* AFNetworkReachabilityManager.m in Sources */,
				DB1FE86618EEED110032A1F9 /* InitialSlidingViewController.m in Sources */,
				50916F3F18F81AC1006D5C26 /* UIView+MGEasyFrame.m in Sources */,
				5029346418FD5B2A009A4F2F /* UIRefreshControl+AFNetworking.m in Sources */,
				5029347218FD79AC009A4F2F /* JIPInitialVC.m in Sources */,
				50916F5318F81B19006D5C26 /* YouTubeVC.m in Sources */,
				508598D718AA551C0048D760 /* JIPVenueDetailsViewController.m in Sources */,
				5029345518FD5B2A009A4F2F /* AFHTTPRequestOperation.m in Sources */,
				50916F3D18F81AC1006D5C26 /* UIControl+MGEvents.m in Sources */,
				5029346318FD5B2A009A4F2F /* UIProgressView+AFNetworking.m in Sources */,
				50FCB09D18CE140800AD4402 /* JIPUpcomingEventsCDTVC.m in Sources */,
				50A52FB0189ED5D9001D9779 /* main.m in Sources */,
				50149FA1190586F20037E9A7 /* UIImage+Resize.m in Sources */,
				5029346118FD5B2A009A4F2F /* UIButton+AFNetworking.m in Sources */,
				50916F4518F81AC1006D5C26 /* MGLineStyled.m in Sources */,
				5029345A18FD5B2A009A4F2F /* AFURLConnectionOperation.m in Sources */,
				50916F4218F81AC1006D5C26 /* MGButton.m in Sources */,
				5029346818FD5BE4009A4F2F /* WikipediaHelper.m in Sources */,
				5029345D18FD5B2A009A4F2F /* AFURLSessionManager.m in Sources */,
				5015AAAE18A159ED000A7625 /* JIPConcertDetailsViewController.m in Sources */,
				50E7988F18F57A87002B8D3E /* JIPVenueMapVC.m in Sources */,
				50916F3918F81AC1006D5C26 /* MediaThumbnail.m in Sources */,
				50916F5A18F821F8006D5C26 /* JIPArtistDetailVC.m in Sources */,
				5012E5E019045A66002EA140 /* JIPJazzClubsMapVC.m in Sources */,
				5029346018FD5B2A009A4F2F /* UIAlertView+AFNetworking.m in Sources */,
				50916F4618F81AC1006D5C26 /* MGMushParser.m in Sources */,
				5029346218FD5B2A009A4F2F /* UIImageView+AFNetworking.m in Sources */,
				50916F4A18F81AC1006D5C26 /* VideoLink.m in Sources */,
				50916F3118F81AC1006D5C26 /* JSONModelClassProperty.m in Sources */,
				5029345C18FD5B2A009A4F2F /* AFURLResponseSerialization.m in Sources */,
				508FF5E118E5ED3500B53743 /* JIPFavoriteArtistTableViewController.m in Sources */,
				50916F4018F81AC1006D5C26 /* MGBlockWrapper.m in Sources */,
				5029345918FD5B2A009A4F2F /* AFSecurityPolicy.m in Sources */,
				5029345F18FD5B2A009A4F2F /* UIActivityIndicatorView+AFNetworking.m in Sources */,
				50D4BB3118B49D0700E7CF12 /* Model.xcdatamodeld in Sources */,
				DB1FE86918EEEE7F0032A1F9 /* SideMenuViewController.m in Sources */,
				50916F3818F81AC1006D5C26 /* JSONValueTransformer.m in Sources */,
				5029345E18FD5B2A009A4F2F /* AFNetworkActivityIndicatorManager.m in Sources */,
				50FA943918F30CB7008A761D /* JIPFavoriteArtistsTableViewController.m in Sources */,
				50FCB09818CE12B500AD4402 /* JIPCoreDataTableViewController.m in Sources */,
				50916F2F18F81AC1006D5C26 /* JSONModel.m in Sources */,
			);
			runOnlyForDeploymentPostprocessing = 0;
		};
		50A52FB7189ED5D9001D9779 /* Sources */ = {
			isa = PBXSourcesBuildPhase;
			buildActionMask = 2147483647;
			files = (
				50A52FC9189ED5D9001D9779 /* JazzInParisTests.m in Sources */,
			);
			runOnlyForDeploymentPostprocessing = 0;
		};
/* End PBXSourcesBuildPhase section */

/* Begin PBXTargetDependency section */
		50A52FC1189ED5D9001D9779 /* PBXTargetDependency */ = {
			isa = PBXTargetDependency;
			target = 50A52F9F189ED5D9001D9779 /* JazzInParis */;
			targetProxy = 50A52FC0189ED5D9001D9779 /* PBXContainerItemProxy */;
		};
/* End PBXTargetDependency section */

/* Begin PBXVariantGroup section */
		50A52FAC189ED5D9001D9779 /* InfoPlist.strings */ = {
			isa = PBXVariantGroup;
			children = (
				50A52FAD189ED5D9001D9779 /* en */,
			);
			name = InfoPlist.strings;
			sourceTree = "<group>";
		};
		50A52FC5189ED5D9001D9779 /* InfoPlist.strings */ = {
			isa = PBXVariantGroup;
			children = (
				50A52FC6189ED5D9001D9779 /* en */,
			);
			name = InfoPlist.strings;
			sourceTree = "<group>";
		};
/* End PBXVariantGroup section */

/* Begin XCBuildConfiguration section */
		50A52FCA189ED5D9001D9779 /* Debug */ = {
			isa = XCBuildConfiguration;
			buildSettings = {
				ALWAYS_SEARCH_USER_PATHS = NO;
				CLANG_CXX_LANGUAGE_STANDARD = "gnu++0x";
				CLANG_CXX_LIBRARY = "libc++";
				CLANG_ENABLE_MODULES = YES;
				CLANG_ENABLE_OBJC_ARC = YES;
				CLANG_WARN_BOOL_CONVERSION = YES;
				CLANG_WARN_CONSTANT_CONVERSION = YES;
				CLANG_WARN_DIRECT_OBJC_ISA_USAGE = YES_ERROR;
				CLANG_WARN_EMPTY_BODY = YES;
				CLANG_WARN_ENUM_CONVERSION = YES;
				CLANG_WARN_INT_CONVERSION = YES;
				CLANG_WARN_OBJC_ROOT_CLASS = YES_ERROR;
				CLANG_WARN__DUPLICATE_METHOD_MATCH = YES;
				"CODE_SIGN_IDENTITY[sdk=iphoneos*]" = "iPhone Developer";
				COPY_PHASE_STRIP = NO;
				GCC_C_LANGUAGE_STANDARD = gnu99;
				GCC_DYNAMIC_NO_PIC = NO;
				GCC_OPTIMIZATION_LEVEL = 0;
				GCC_PREPROCESSOR_DEFINITIONS = (
					"DEBUG=1",
					"$(inherited)",
				);
				GCC_SYMBOLS_PRIVATE_EXTERN = NO;
				GCC_WARN_64_TO_32_BIT_CONVERSION = YES;
				GCC_WARN_ABOUT_RETURN_TYPE = YES_ERROR;
				GCC_WARN_UNDECLARED_SELECTOR = YES;
				GCC_WARN_UNINITIALIZED_AUTOS = YES;
				GCC_WARN_UNUSED_FUNCTION = YES;
				GCC_WARN_UNUSED_VARIABLE = YES;
				IPHONEOS_DEPLOYMENT_TARGET = 7.0;
				ONLY_ACTIVE_ARCH = YES;
				SDKROOT = iphoneos;
			};
			name = Debug;
		};
		50A52FCB189ED5D9001D9779 /* Release */ = {
			isa = XCBuildConfiguration;
			buildSettings = {
				ALWAYS_SEARCH_USER_PATHS = NO;
				CLANG_CXX_LANGUAGE_STANDARD = "gnu++0x";
				CLANG_CXX_LIBRARY = "libc++";
				CLANG_ENABLE_MODULES = YES;
				CLANG_ENABLE_OBJC_ARC = YES;
				CLANG_WARN_BOOL_CONVERSION = YES;
				CLANG_WARN_CONSTANT_CONVERSION = YES;
				CLANG_WARN_DIRECT_OBJC_ISA_USAGE = YES_ERROR;
				CLANG_WARN_EMPTY_BODY = YES;
				CLANG_WARN_ENUM_CONVERSION = YES;
				CLANG_WARN_INT_CONVERSION = YES;
				CLANG_WARN_OBJC_ROOT_CLASS = YES_ERROR;
				CLANG_WARN__DUPLICATE_METHOD_MATCH = YES;
				"CODE_SIGN_IDENTITY[sdk=iphoneos*]" = "iPhone Developer";
				COPY_PHASE_STRIP = YES;
				ENABLE_NS_ASSERTIONS = NO;
				GCC_C_LANGUAGE_STANDARD = gnu99;
				GCC_WARN_64_TO_32_BIT_CONVERSION = YES;
				GCC_WARN_ABOUT_RETURN_TYPE = YES_ERROR;
				GCC_WARN_UNDECLARED_SELECTOR = YES;
				GCC_WARN_UNINITIALIZED_AUTOS = YES;
				GCC_WARN_UNUSED_FUNCTION = YES;
				GCC_WARN_UNUSED_VARIABLE = YES;
				IPHONEOS_DEPLOYMENT_TARGET = 7.0;
				SDKROOT = iphoneos;
				VALIDATE_PRODUCT = YES;
			};
			name = Release;
		};
		50A52FCD189ED5D9001D9779 /* Debug */ = {
			isa = XCBuildConfiguration;
			buildSettings = {
				CODE_SIGN_IDENTITY = "iPhone Developer";
				"CODE_SIGN_IDENTITY[sdk=iphoneos*]" = "iPhone Developer";
				GCC_PRECOMPILE_PREFIX_HEADER = YES;
				GCC_PREFIX_HEADER = "JazzInParis/JazzInParis-Prefix.pch";
				INFOPLIST_FILE = "JazzInParis/JazzInParis-Info.plist";
				PRODUCT_NAME = "$(TARGET_NAME)";
				PROVISIONING_PROFILE = "";
				TARGETED_DEVICE_FAMILY = 1;
				WRAPPER_EXTENSION = app;
			};
			name = Debug;
		};
		50A52FCE189ED5D9001D9779 /* Release */ = {
			isa = XCBuildConfiguration;
			buildSettings = {
				CODE_SIGN_IDENTITY = "iPhone Developer";
				"CODE_SIGN_IDENTITY[sdk=iphoneos*]" = "iPhone Developer";
				GCC_PRECOMPILE_PREFIX_HEADER = YES;
				GCC_PREFIX_HEADER = "JazzInParis/JazzInParis-Prefix.pch";
				INFOPLIST_FILE = "JazzInParis/JazzInParis-Info.plist";
				PRODUCT_NAME = "$(TARGET_NAME)";
				PROVISIONING_PROFILE = "";
				TARGETED_DEVICE_FAMILY = 1;
				WRAPPER_EXTENSION = app;
			};
			name = Release;
		};
		50A52FD0189ED5D9001D9779 /* Debug */ = {
			isa = XCBuildConfiguration;
			buildSettings = {
				BUNDLE_LOADER = "$(BUILT_PRODUCTS_DIR)/JazzInParis.app/JazzInParis";
				FRAMEWORK_SEARCH_PATHS = (
					"$(SDKROOT)/Developer/Library/Frameworks",
					"$(inherited)",
					"$(DEVELOPER_FRAMEWORKS_DIR)",
				);
				GCC_PRECOMPILE_PREFIX_HEADER = YES;
				GCC_PREFIX_HEADER = "JazzInParis/JazzInParis-Prefix.pch";
				GCC_PREPROCESSOR_DEFINITIONS = (
					"DEBUG=1",
					"$(inherited)",
				);
				INFOPLIST_FILE = "JazzInParisTests/JazzInParisTests-Info.plist";
				PRODUCT_NAME = "$(TARGET_NAME)";
				TEST_HOST = "$(BUNDLE_LOADER)";
				WRAPPER_EXTENSION = xctest;
			};
			name = Debug;
		};
		50A52FD1189ED5D9001D9779 /* Release */ = {
			isa = XCBuildConfiguration;
			buildSettings = {
				BUNDLE_LOADER = "$(BUILT_PRODUCTS_DIR)/JazzInParis.app/JazzInParis";
				FRAMEWORK_SEARCH_PATHS = (
					"$(SDKROOT)/Developer/Library/Frameworks",
					"$(inherited)",
					"$(DEVELOPER_FRAMEWORKS_DIR)",
				);
				GCC_PRECOMPILE_PREFIX_HEADER = YES;
				GCC_PREFIX_HEADER = "JazzInParis/JazzInParis-Prefix.pch";
				INFOPLIST_FILE = "JazzInParisTests/JazzInParisTests-Info.plist";
				PRODUCT_NAME = "$(TARGET_NAME)";
				TEST_HOST = "$(BUNDLE_LOADER)";
				WRAPPER_EXTENSION = xctest;
			};
			name = Release;
		};
/* End XCBuildConfiguration section */

/* Begin XCConfigurationList section */
		50A52F9B189ED5D9001D9779 /* Build configuration list for PBXProject "JazzInParis" */ = {
			isa = XCConfigurationList;
			buildConfigurations = (
				50A52FCA189ED5D9001D9779 /* Debug */,
				50A52FCB189ED5D9001D9779 /* Release */,
			);
			defaultConfigurationIsVisible = 0;
			defaultConfigurationName = Release;
		};
		50A52FCC189ED5D9001D9779 /* Build configuration list for PBXNativeTarget "JazzInParis" */ = {
			isa = XCConfigurationList;
			buildConfigurations = (
				50A52FCD189ED5D9001D9779 /* Debug */,
				50A52FCE189ED5D9001D9779 /* Release */,
			);
			defaultConfigurationIsVisible = 0;
			defaultConfigurationName = Release;
		};
		50A52FCF189ED5D9001D9779 /* Build configuration list for PBXNativeTarget "JazzInParisTests" */ = {
			isa = XCConfigurationList;
			buildConfigurations = (
				50A52FD0189ED5D9001D9779 /* Debug */,
				50A52FD1189ED5D9001D9779 /* Release */,
			);
			defaultConfigurationIsVisible = 0;
			defaultConfigurationName = Release;
		};
/* End XCConfigurationList section */

/* Begin XCVersionGroup section */
		50D4BB2F18B49D0700E7CF12 /* Model.xcdatamodeld */ = {
			isa = XCVersionGroup;
			children = (
				50D4BB3018B49D0700E7CF12 /* Model.xcdatamodel */,
			);
			currentVersion = 50D4BB3018B49D0700E7CF12 /* Model.xcdatamodel */;
			path = Model.xcdatamodeld;
			sourceTree = "<group>";
			versionGroupType = wrapper.xcdatamodel;
		};
/* End XCVersionGroup section */
	};
	rootObject = 50A52F98189ED5D9001D9779 /* Project object */;
}
